<?xml version="1.0" encoding="utf-8"?>
<Project ToolsVersion="4.0" xmlns="http://schemas.microsoft.com/developer/msbuild/2003">
  <ItemGroup>
    <ClCompile Include="C:\Users\k\cs275\bullet\Extras\Serialize\BulletFileLoader\bChunk.cpp">
      <Filter>Source Files</Filter>
    </ClCompile>
    <ClCompile Include="C:\Users\k\cs275\bullet\Extras\Serialize\BulletFileLoader\bDNA.cpp">
      <Filter>Source Files</Filter>
    </ClCompile>
    <ClCompile Include="C:\Users\k\cs275\bullet\Extras\Serialize\BulletFileLoader\bFile.cpp">
      <Filter>Source Files</Filter>
    </ClCompile>
    <ClCompile Include="C:\Users\k\cs275\bullet\Extras\Serialize\BulletFileLoader\btBulletFile.cpp">
      <Filter>Source Files</Filter>
    </ClCompile>
  </ItemGroup>
  <ItemGroup>
    <ClInclude Include="C:\Users\k\cs275\bullet\Extras\Serialize\BulletFileLoader\bChunk.h">
      <Filter>Header Files</Filter>
    </ClInclude>
    <ClInclude Include="C:\Users\k\cs275\bullet\Extras\Serialize\BulletFileLoader\bCommon.h">
      <Filter>Header Files</Filter>
    </ClInclude>
    <ClInclude Include="C:\Users\k\cs275\bullet\Extras\Serialize\BulletFileLoader\bDefines.h">
      <Filter>Header Files</Filter>
    </ClInclude>
    <ClInclude Include="C:\Users\k\cs275\bullet\Extras\Serialize\BulletFileLoader\bDNA.h">
      <Filter>Header Files</Filter>
    </ClInclude>
    <ClInclude Include="C:\Users\k\cs275\bullet\Extras\Serialize\BulletFileLoader\bFile.h">
      <Filter>Header Files</Filter>
    </ClInclude>
    <ClInclude Include="C:\Users\k\cs275\bullet\Extras\Serialize\BulletFileLoader\btBulletFile.h">
      <Filter>Header Files</Filter>
    </ClInclude>
  </ItemGroup>
  <ItemGroup>
  </ItemGroup>
  <ItemGroup>
  </ItemGroup>
  <ItemGroup>
    <CustomBuild Include="..\..\..\..\bullet\Extras\Serialize\BulletFileLoader\CMakeLists.txt" />
  </ItemGroup>
  <ItemGroup>
    <Filter Include="Source Files">
      <UniqueIdentifier>{D494F3B8-B26D-479B-8E48-0BE0A7F29BEB}</UniqueIdentifier>
    </Filter>
    <Filter Include="Header Files">
      <UniqueIdentifier>{4CFF9CB6-39C0-4B78-9CB7-DC76F89AB6D1}</UniqueIdentifier>
    </Filter>
  </ItemGroup>
  <ItemGroup>
  </ItemGroup>
</Project>
