Microsoft Visual Studio Solution File, Format Version 11.00
# Visual Studio 2010
Project("{8BC9CEB8-8B4A-11D0-8D11-00A0C91BC942}") = "ALL_BUILD", "ALL_BUILD.vcxproj", "{7DD3AAB3-DB81-4C89-80E7-8B9961067123}"
	ProjectSection(ProjectDependencies) = postProject
		{0FE455B6-1BE7-4540-A9B8-B101DFAC2B6B} = {0FE455B6-1BE7-4540-A9B8-B101DFAC2B6B}
		{CA25508F-E4C8-41D1-B6F2-8E630BA6BA8C} = {CA25508F-E4C8-41D1-B6F2-8E630BA6BA8C}
		{C8B0BC82-E56B-4125-B014-0E96CE9F72F3} = {C8B0BC82-E56B-4125-B014-0E96CE9F72F3}
		{1A476ED2-29A9-4ED8-B79B-67FD873BB7A8} = {1A476ED2-29A9-4ED8-B79B-67FD873BB7A8}
		{AB2CF5CA-2869-49D6-B4BC-685170E08F0B} = {AB2CF5CA-2869-49D6-B4BC-685170E08F0B}
		{E84817C1-DA58-4012-81A5-A6D9CFC9E938} = {E84817C1-DA58-4012-81A5-A6D9CFC9E938}
		{D60DD494-7638-4898-AEA7-BBE9E1BA93C3} = {D60DD494-7638-4898-AEA7-BBE9E1BA93C3}
		{1A44F461-CEAF-4120-963B-2FB306624E4E} = {1A44F461-CEAF-4120-963B-2FB306624E4E}
		{A5686D4E-95B8-4580-A679-F63967885133} = {A5686D4E-95B8-4580-A679-F63967885133}
		{D821790A-6849-4FE2-896B-11A525863DC2} = {D821790A-6849-4FE2-896B-11A525863DC2}
		{768BBE75-969C-4D17-9FF6-0185C9D96893} = {768BBE75-969C-4D17-9FF6-0185C9D96893}
		{46F633BA-C019-46C4-9E87-08B4680BF959} = {46F633BA-C019-46C4-9E87-08B4680BF959}
		{896586D7-EE81-4304-BFCE-E23295AE14CF} = {896586D7-EE81-4304-BFCE-E23295AE14CF}
		{44E6ACD4-2CF3-4D67-AE06-4F9CEB9D9FEE} = {44E6ACD4-2CF3-4D67-AE06-4F9CEB9D9FEE}
		{E5626467-1FB7-4420-A370-518A26B7F367} = {E5626467-1FB7-4420-A370-518A26B7F367}
		{52C9A3FD-BBE3-4469-8F2A-1ADBD0575197} = {52C9A3FD-BBE3-4469-8F2A-1ADBD0575197}
		{BFC2100D-DE0D-49AB-8FF3-EFA7419D6DD9} = {BFC2100D-DE0D-49AB-8FF3-EFA7419D6DD9}
		{2FF7081D-224D-4A3A-8DDF-EB8D33611CA1} = {2FF7081D-224D-4A3A-8DDF-EB8D33611CA1}
		{62A13E30-F152-4194-A212-E9EE8F266BD6} = {62A13E30-F152-4194-A212-E9EE8F266BD6}
		{B0F981B0-012C-4C9E-A6C5-CDA77845CD4B} = {B0F981B0-012C-4C9E-A6C5-CDA77845CD4B}
		{74EFB733-9FC0-48C8-AB96-FBA3D9287FF1} = {74EFB733-9FC0-48C8-AB96-FBA3D9287FF1}
		{9E61E167-9289-4B0E-8ACF-E0F6219B0C42} = {9E61E167-9289-4B0E-8ACF-E0F6219B0C42}
		{97BECD18-188F-4EC5-8444-94378EEE003F} = {97BECD18-188F-4EC5-8444-94378EEE003F}
		{B95D7B8E-2100-46F8-B864-9E19E0FB4AF6} = {B95D7B8E-2100-46F8-B864-9E19E0FB4AF6}
		{FEB9D665-7450-4D0D-8BB8-22302D3142C6} = {FEB9D665-7450-4D0D-8BB8-22302D3142C6}
		{92C7C388-4B2E-4DEC-817E-BEA9D2F8CC01} = {92C7C388-4B2E-4DEC-817E-BEA9D2F8CC01}
		{0F83077C-FDF2-4B58-8EA7-CDCD3B8390AE} = {0F83077C-FDF2-4B58-8EA7-CDCD3B8390AE}
		{CBD74DE2-9DD3-49BA-B3AF-2B4F8EC14B55} = {CBD74DE2-9DD3-49BA-B3AF-2B4F8EC14B55}
		{6EE61EAE-FD3F-4427-AA64-9C311477675B} = {6EE61EAE-FD3F-4427-AA64-9C311477675B}
		{8BD88D27-2419-40A1-97BB-65D7069CC11A} = {8BD88D27-2419-40A1-97BB-65D7069CC11A}
		{B3E4B5E8-931E-423F-8EBC-A57A91FBFF27} = {B3E4B5E8-931E-423F-8EBC-A57A91FBFF27}
		{87D54923-7013-4FF1-973F-111EA340F524} = {87D54923-7013-4FF1-973F-111EA340F524}
		{4FF31E39-B588-46F1-9C60-4CED466707E0} = {4FF31E39-B588-46F1-9C60-4CED466707E0}
		{1BE2078D-3DFE-41E4-B61A-AFC864735602} = {1BE2078D-3DFE-41E4-B61A-AFC864735602}
		{B2E34BB8-CB68-4235-8C86-2287C6BD3DCE} = {B2E34BB8-CB68-4235-8C86-2287C6BD3DCE}
		{5C81EB4D-9027-421F-974F-74316FF15BB6} = {5C81EB4D-9027-421F-974F-74316FF15BB6}
		{EBDE5595-60FA-4594-833A-6E952547822D} = {EBDE5595-60FA-4594-833A-6E952547822D}
		{E283FB29-BB4B-4064-874E-E6D85E2FBB65} = {E283FB29-BB4B-4064-874E-E6D85E2FBB65}
		{AC92B8FA-C1E7-4229-BD48-D03D10212EDF} = {AC92B8FA-C1E7-4229-BD48-D03D10212EDF}
		{382A7426-E6C3-4065-9394-63A4BE28A2B7} = {382A7426-E6C3-4065-9394-63A4BE28A2B7}
		{5F6A2603-5B25-4D52-BF7C-C9A4F3274539} = {5F6A2603-5B25-4D52-BF7C-C9A4F3274539}
		{F3501BCA-F414-4555-9F51-C9069AF6C0F4} = {F3501BCA-F414-4555-9F51-C9069AF6C0F4}
		{C89535A3-955D-4599-A7D9-B1B64C2A1B97} = {C89535A3-955D-4599-A7D9-B1B64C2A1B97}
		{A65430BC-A1D5-4E01-8CF1-DE14769A742B} = {A65430BC-A1D5-4E01-8CF1-DE14769A742B}
		{1744A9A1-7AFA-4334-8CE1-47A5FA0B8069} = {1744A9A1-7AFA-4334-8CE1-47A5FA0B8069}
		{0A64BFB4-2D4E-44D9-9198-DA362C8317C8} = {0A64BFB4-2D4E-44D9-9198-DA362C8317C8}
		{30872565-3CC7-4EAF-BC43-DAC67CA9D159} = {30872565-3CC7-4EAF-BC43-DAC67CA9D159}
		{A45093F8-617D-4B4A-A1FA-9073C42EC5E0} = {A45093F8-617D-4B4A-A1FA-9073C42EC5E0}
		{28D7D1D0-6447-45DB-81A1-04828066D91E} = {28D7D1D0-6447-45DB-81A1-04828066D91E}
		{8078E7E4-B953-42D2-9D15-38200FFB834A} = {8078E7E4-B953-42D2-9D15-38200FFB834A}
		{4CB5221C-C08A-4BA2-952D-EB7DC70C9BB2} = {4CB5221C-C08A-4BA2-952D-EB7DC70C9BB2}
		{7B642A10-290D-4FAC-AABE-8214B5362D4F} = {7B642A10-290D-4FAC-AABE-8214B5362D4F}
		{BA1A1F20-5A71-4438-8424-890FE828B6B0} = {BA1A1F20-5A71-4438-8424-890FE828B6B0}
		{109A0D92-BAEA-4EAB-B181-7E60F07CCF5A} = {109A0D92-BAEA-4EAB-B181-7E60F07CCF5A}
		{3E0D1664-46B3-4C9F-A73F-E4488E4E87FC} = {3E0D1664-46B3-4C9F-A73F-E4488E4E87FC}
		{967DC4B1-DF89-4B0A-B376-8CD41FB85B84} = {967DC4B1-DF89-4B0A-B376-8CD41FB85B84}
	EndProjectSection
EndProject
Project("{8BC9CEB8-8B4A-11D0-8D11-00A0C91BC942}") = "AppAllBulletDemos", "Demos\AllBulletDemos\AppAllBulletDemos.vcxproj", "{0FE455B6-1BE7-4540-A9B8-B101DFAC2B6B}"
	ProjectSection(ProjectDependencies) = postProject
		{F3501BCA-F414-4555-9F51-C9069AF6C0F4} = {F3501BCA-F414-4555-9F51-C9069AF6C0F4}
		{C89535A3-955D-4599-A7D9-B1B64C2A1B97} = {C89535A3-955D-4599-A7D9-B1B64C2A1B97}
		{A65430BC-A1D5-4E01-8CF1-DE14769A742B} = {A65430BC-A1D5-4E01-8CF1-DE14769A742B}
		{1744A9A1-7AFA-4334-8CE1-47A5FA0B8069} = {1744A9A1-7AFA-4334-8CE1-47A5FA0B8069}
		{0A64BFB4-2D4E-44D9-9198-DA362C8317C8} = {0A64BFB4-2D4E-44D9-9198-DA362C8317C8}
		{A45093F8-617D-4B4A-A1FA-9073C42EC5E0} = {A45093F8-617D-4B4A-A1FA-9073C42EC5E0}
		{28D7D1D0-6447-45DB-81A1-04828066D91E} = {28D7D1D0-6447-45DB-81A1-04828066D91E}
		{8078E7E4-B953-42D2-9D15-38200FFB834A} = {8078E7E4-B953-42D2-9D15-38200FFB834A}
		{4CB5221C-C08A-4BA2-952D-EB7DC70C9BB2} = {4CB5221C-C08A-4BA2-952D-EB7DC70C9BB2}
		{7B642A10-290D-4FAC-AABE-8214B5362D4F} = {7B642A10-290D-4FAC-AABE-8214B5362D4F}
		{BA1A1F20-5A71-4438-8424-890FE828B6B0} = {BA1A1F20-5A71-4438-8424-890FE828B6B0}
		{3E0D1664-46B3-4C9F-A73F-E4488E4E87FC} = {3E0D1664-46B3-4C9F-A73F-E4488E4E87FC}
		{967DC4B1-DF89-4B0A-B376-8CD41FB85B84} = {967DC4B1-DF89-4B0A-B376-8CD41FB85B84}
	EndProjectSection
EndProject
Project("{8BC9CEB8-8B4A-11D0-8D11-00A0C91BC942}") = "AppBasicDemo", "Demos\BasicDemo\AppBasicDemo.vcxproj", "{CA25508F-E4C8-41D1-B6F2-8E630BA6BA8C}"
	ProjectSection(ProjectDependencies) = postProject
		{F3501BCA-F414-4555-9F51-C9069AF6C0F4} = {F3501BCA-F414-4555-9F51-C9069AF6C0F4}
		{C89535A3-955D-4599-A7D9-B1B64C2A1B97} = {C89535A3-955D-4599-A7D9-B1B64C2A1B97}
		{BA1A1F20-5A71-4438-8424-890FE828B6B0} = {BA1A1F20-5A71-4438-8424-890FE828B6B0}
		{3E0D1664-46B3-4C9F-A73F-E4488E4E87FC} = {3E0D1664-46B3-4C9F-A73F-E4488E4E87FC}
		{967DC4B1-DF89-4B0A-B376-8CD41FB85B84} = {967DC4B1-DF89-4B0A-B376-8CD41FB85B84}
	EndProjectSection
EndProject
Project("{8BC9CEB8-8B4A-11D0-8D11-00A0C91BC942}") = "AppBenchmarks", "Demos\Benchmarks\AppBenchmarks.vcxproj", "{C8B0BC82-E56B-4125-B014-0E96CE9F72F3}"
	ProjectSection(ProjectDependencies) = postProject
		{F3501BCA-F414-4555-9F51-C9069AF6C0F4} = {F3501BCA-F414-4555-9F51-C9069AF6C0F4}
		{C89535A3-955D-4599-A7D9-B1B64C2A1B97} = {C89535A3-955D-4599-A7D9-B1B64C2A1B97}
		{BA1A1F20-5A71-4438-8424-890FE828B6B0} = {BA1A1F20-5A71-4438-8424-890FE828B6B0}
		{3E0D1664-46B3-4C9F-A73F-E4488E4E87FC} = {3E0D1664-46B3-4C9F-A73F-E4488E4E87FC}
		{967DC4B1-DF89-4B0A-B376-8CD41FB85B84} = {967DC4B1-DF89-4B0A-B376-8CD41FB85B84}
	EndProjectSection
EndProject
Project("{8BC9CEB8-8B4A-11D0-8D11-00A0C91BC942}") = "AppBox2dDemo", "Demos\Box2dDemo\AppBox2dDemo.vcxproj", "{1A476ED2-29A9-4ED8-B79B-67FD873BB7A8}"
	ProjectSection(ProjectDependencies) = postProject
		{F3501BCA-F414-4555-9F51-C9069AF6C0F4} = {F3501BCA-F414-4555-9F51-C9069AF6C0F4}
		{C89535A3-955D-4599-A7D9-B1B64C2A1B97} = {C89535A3-955D-4599-A7D9-B1B64C2A1B97}
		{BA1A1F20-5A71-4438-8424-890FE828B6B0} = {BA1A1F20-5A71-4438-8424-890FE828B6B0}
		{3E0D1664-46B3-4C9F-A73F-E4488E4E87FC} = {3E0D1664-46B3-4C9F-A73F-E4488E4E87FC}
		{967DC4B1-DF89-4B0A-B376-8CD41FB85B84} = {967DC4B1-DF89-4B0A-B376-8CD41FB85B84}
	EndProjectSection
EndProject
Project("{8BC9CEB8-8B4A-11D0-8D11-00A0C91BC942}") = "AppBspPhysicsDemo", "Demos\BspDemo\AppBspPhysicsDemo.vcxproj", "{AB2CF5CA-2869-49D6-B4BC-685170E08F0B}"
	ProjectSection(ProjectDependencies) = postProject
		{F3501BCA-F414-4555-9F51-C9069AF6C0F4} = {F3501BCA-F414-4555-9F51-C9069AF6C0F4}
		{C89535A3-955D-4599-A7D9-B1B64C2A1B97} = {C89535A3-955D-4599-A7D9-B1B64C2A1B97}
		{BA1A1F20-5A71-4438-8424-890FE828B6B0} = {BA1A1F20-5A71-4438-8424-890FE828B6B0}
		{3E0D1664-46B3-4C9F-A73F-E4488E4E87FC} = {3E0D1664-46B3-4C9F-A73F-E4488E4E87FC}
		{967DC4B1-DF89-4B0A-B376-8CD41FB85B84} = {967DC4B1-DF89-4B0A-B376-8CD41FB85B84}
	EndProjectSection
EndProject
Project("{8BC9CEB8-8B4A-11D0-8D11-00A0C91BC942}") = "AppCcdPhysicsDemo", "Demos\CcdPhysicsDemo\AppCcdPhysicsDemo.vcxproj", "{E84817C1-DA58-4012-81A5-A6D9CFC9E938}"
	ProjectSection(ProjectDependencies) = postProject
		{F3501BCA-F414-4555-9F51-C9069AF6C0F4} = {F3501BCA-F414-4555-9F51-C9069AF6C0F4}
		{C89535A3-955D-4599-A7D9-B1B64C2A1B97} = {C89535A3-955D-4599-A7D9-B1B64C2A1B97}
		{BA1A1F20-5A71-4438-8424-890FE828B6B0} = {BA1A1F20-5A71-4438-8424-890FE828B6B0}
		{3E0D1664-46B3-4C9F-A73F-E4488E4E87FC} = {3E0D1664-46B3-4C9F-A73F-E4488E4E87FC}
		{967DC4B1-DF89-4B0A-B376-8CD41FB85B84} = {967DC4B1-DF89-4B0A-B376-8CD41FB85B84}
	EndProjectSection
EndProject
Project("{8BC9CEB8-8B4A-11D0-8D11-00A0C91BC942}") = "AppCharacterDemo", "Demos\CharacterDemo\AppCharacterDemo.vcxproj", "{D60DD494-7638-4898-AEA7-BBE9E1BA93C3}"
	ProjectSection(ProjectDependencies) = postProject
		{F3501BCA-F414-4555-9F51-C9069AF6C0F4} = {F3501BCA-F414-4555-9F51-C9069AF6C0F4}
		{C89535A3-955D-4599-A7D9-B1B64C2A1B97} = {C89535A3-955D-4599-A7D9-B1B64C2A1B97}
		{BA1A1F20-5A71-4438-8424-890FE828B6B0} = {BA1A1F20-5A71-4438-8424-890FE828B6B0}
		{3E0D1664-46B3-4C9F-A73F-E4488E4E87FC} = {3E0D1664-46B3-4C9F-A73F-E4488E4E87FC}
		{967DC4B1-DF89-4B0A-B376-8CD41FB85B84} = {967DC4B1-DF89-4B0A-B376-8CD41FB85B84}
	EndProjectSection
EndProject
Project("{8BC9CEB8-8B4A-11D0-8D11-00A0C91BC942}") = "AppCollisionDemo", "Demos\CollisionDemo\AppCollisionDemo.vcxproj", "{1A44F461-CEAF-4120-963B-2FB306624E4E}"
	ProjectSection(ProjectDependencies) = postProject
		{F3501BCA-F414-4555-9F51-C9069AF6C0F4} = {F3501BCA-F414-4555-9F51-C9069AF6C0F4}
		{C89535A3-955D-4599-A7D9-B1B64C2A1B97} = {C89535A3-955D-4599-A7D9-B1B64C2A1B97}
		{BA1A1F20-5A71-4438-8424-890FE828B6B0} = {BA1A1F20-5A71-4438-8424-890FE828B6B0}
		{3E0D1664-46B3-4C9F-A73F-E4488E4E87FC} = {3E0D1664-46B3-4C9F-A73F-E4488E4E87FC}
		{967DC4B1-DF89-4B0A-B376-8CD41FB85B84} = {967DC4B1-DF89-4B0A-B376-8CD41FB85B84}
	EndProjectSection
EndProject
Project("{8BC9CEB8-8B4A-11D0-8D11-00A0C91BC942}") = "AppCollisionInterfaceDemo", "Demos\CollisionInterfaceDemo\AppCollisionInterfaceDemo.vcxproj", "{A5686D4E-95B8-4580-A679-F63967885133}"
	ProjectSection(ProjectDependencies) = postProject
		{F3501BCA-F414-4555-9F51-C9069AF6C0F4} = {F3501BCA-F414-4555-9F51-C9069AF6C0F4}
		{C89535A3-955D-4599-A7D9-B1B64C2A1B97} = {C89535A3-955D-4599-A7D9-B1B64C2A1B97}
		{BA1A1F20-5A71-4438-8424-890FE828B6B0} = {BA1A1F20-5A71-4438-8424-890FE828B6B0}
		{3E0D1664-46B3-4C9F-A73F-E4488E4E87FC} = {3E0D1664-46B3-4C9F-A73F-E4488E4E87FC}
		{967DC4B1-DF89-4B0A-B376-8CD41FB85B84} = {967DC4B1-DF89-4B0A-B376-8CD41FB85B84}
	EndProjectSection
EndProject
Project("{8BC9CEB8-8B4A-11D0-8D11-00A0C91BC942}") = "AppConcaveConvexCastDemo", "Demos\ConcaveConvexcastDemo\AppConcaveConvexCastDemo.vcxproj", "{D821790A-6849-4FE2-896B-11A525863DC2}"
	ProjectSection(ProjectDependencies) = postProject
		{F3501BCA-F414-4555-9F51-C9069AF6C0F4} = {F3501BCA-F414-4555-9F51-C9069AF6C0F4}
		{C89535A3-955D-4599-A7D9-B1B64C2A1B97} = {C89535A3-955D-4599-A7D9-B1B64C2A1B97}
		{BA1A1F20-5A71-4438-8424-890FE828B6B0} = {BA1A1F20-5A71-4438-8424-890FE828B6B0}
		{3E0D1664-46B3-4C9F-A73F-E4488E4E87FC} = {3E0D1664-46B3-4C9F-A73F-E4488E4E87FC}
		{967DC4B1-DF89-4B0A-B376-8CD41FB85B84} = {967DC4B1-DF89-4B0A-B376-8CD41FB85B84}
	EndProjectSection
EndProject
Project("{8BC9CEB8-8B4A-11D0-8D11-00A0C91BC942}") = "AppConcaveDemo", "Demos\ConcaveDemo\AppConcaveDemo.vcxproj", "{768BBE75-969C-4D17-9FF6-0185C9D96893}"
	ProjectSection(ProjectDependencies) = postProject
		{F3501BCA-F414-4555-9F51-C9069AF6C0F4} = {F3501BCA-F414-4555-9F51-C9069AF6C0F4}
		{C89535A3-955D-4599-A7D9-B1B64C2A1B97} = {C89535A3-955D-4599-A7D9-B1B64C2A1B97}
		{A65430BC-A1D5-4E01-8CF1-DE14769A742B} = {A65430BC-A1D5-4E01-8CF1-DE14769A742B}
		{A45093F8-617D-4B4A-A1FA-9073C42EC5E0} = {A45093F8-617D-4B4A-A1FA-9073C42EC5E0}
		{BA1A1F20-5A71-4438-8424-890FE828B6B0} = {BA1A1F20-5A71-4438-8424-890FE828B6B0}
		{3E0D1664-46B3-4C9F-A73F-E4488E4E87FC} = {3E0D1664-46B3-4C9F-A73F-E4488E4E87FC}
		{967DC4B1-DF89-4B0A-B376-8CD41FB85B84} = {967DC4B1-DF89-4B0A-B376-8CD41FB85B84}
	EndProjectSection
EndProject
Project("{8BC9CEB8-8B4A-11D0-8D11-00A0C91BC942}") = "AppConcaveRayCastDemo", "Demos\ConcaveRaycastDemo\AppConcaveRayCastDemo.vcxproj", "{46F633BA-C019-46C4-9E87-08B4680BF959}"
	ProjectSection(ProjectDependencies) = postProject
		{F3501BCA-F414-4555-9F51-C9069AF6C0F4} = {F3501BCA-F414-4555-9F51-C9069AF6C0F4}
		{C89535A3-955D-4599-A7D9-B1B64C2A1B97} = {C89535A3-955D-4599-A7D9-B1B64C2A1B97}
		{BA1A1F20-5A71-4438-8424-890FE828B6B0} = {BA1A1F20-5A71-4438-8424-890FE828B6B0}
		{3E0D1664-46B3-4C9F-A73F-E4488E4E87FC} = {3E0D1664-46B3-4C9F-A73F-E4488E4E87FC}
		{967DC4B1-DF89-4B0A-B376-8CD41FB85B84} = {967DC4B1-DF89-4B0A-B376-8CD41FB85B84}
	EndProjectSection
EndProject
Project("{8BC9CEB8-8B4A-11D0-8D11-00A0C91BC942}") = "AppConstraintDemo", "Demos\ConstraintDemo\AppConstraintDemo.vcxproj", "{896586D7-EE81-4304-BFCE-E23295AE14CF}"
	ProjectSection(ProjectDependencies) = postProject
		{F3501BCA-F414-4555-9F51-C9069AF6C0F4} = {F3501BCA-F414-4555-9F51-C9069AF6C0F4}
		{C89535A3-955D-4599-A7D9-B1B64C2A1B97} = {C89535A3-955D-4599-A7D9-B1B64C2A1B97}
		{A65430BC-A1D5-4E01-8CF1-DE14769A742B} = {A65430BC-A1D5-4E01-8CF1-DE14769A742B}
		{A45093F8-617D-4B4A-A1FA-9073C42EC5E0} = {A45093F8-617D-4B4A-A1FA-9073C42EC5E0}
		{BA1A1F20-5A71-4438-8424-890FE828B6B0} = {BA1A1F20-5A71-4438-8424-890FE828B6B0}
		{3E0D1664-46B3-4C9F-A73F-E4488E4E87FC} = {3E0D1664-46B3-4C9F-A73F-E4488E4E87FC}
		{967DC4B1-DF89-4B0A-B376-8CD41FB85B84} = {967DC4B1-DF89-4B0A-B376-8CD41FB85B84}
	EndProjectSection
EndProject
Project("{8BC9CEB8-8B4A-11D0-8D11-00A0C91BC942}") = "AppContinuousConvexCollisionDemo", "Demos\ContinuousConvexCollision\AppContinuousConvexCollisionDemo.vcxproj", "{44E6ACD4-2CF3-4D67-AE06-4F9CEB9D9FEE}"
	ProjectSection(ProjectDependencies) = postProject
		{F3501BCA-F414-4555-9F51-C9069AF6C0F4} = {F3501BCA-F414-4555-9F51-C9069AF6C0F4}
		{C89535A3-955D-4599-A7D9-B1B64C2A1B97} = {C89535A3-955D-4599-A7D9-B1B64C2A1B97}
		{BA1A1F20-5A71-4438-8424-890FE828B6B0} = {BA1A1F20-5A71-4438-8424-890FE828B6B0}
		{3E0D1664-46B3-4C9F-A73F-E4488E4E87FC} = {3E0D1664-46B3-4C9F-A73F-E4488E4E87FC}
		{967DC4B1-DF89-4B0A-B376-8CD41FB85B84} = {967DC4B1-DF89-4B0A-B376-8CD41FB85B84}
	EndProjectSection
EndProject
Project("{8BC9CEB8-8B4A-11D0-8D11-00A0C91BC942}") = "AppConvexDecompositionDemo", "Demos\ConvexDecompositionDemo\AppConvexDecompositionDemo.vcxproj", "{E5626467-1FB7-4420-A370-518A26B7F367}"
	ProjectSection(ProjectDependencies) = postProject
		{F3501BCA-F414-4555-9F51-C9069AF6C0F4} = {F3501BCA-F414-4555-9F51-C9069AF6C0F4}
		{C89535A3-955D-4599-A7D9-B1B64C2A1B97} = {C89535A3-955D-4599-A7D9-B1B64C2A1B97}
		{A65430BC-A1D5-4E01-8CF1-DE14769A742B} = {A65430BC-A1D5-4E01-8CF1-DE14769A742B}
		{A45093F8-617D-4B4A-A1FA-9073C42EC5E0} = {A45093F8-617D-4B4A-A1FA-9073C42EC5E0}
		{28D7D1D0-6447-45DB-81A1-04828066D91E} = {28D7D1D0-6447-45DB-81A1-04828066D91E}
		{7B642A10-290D-4FAC-AABE-8214B5362D4F} = {7B642A10-290D-4FAC-AABE-8214B5362D4F}
		{BA1A1F20-5A71-4438-8424-890FE828B6B0} = {BA1A1F20-5A71-4438-8424-890FE828B6B0}
		{3E0D1664-46B3-4C9F-A73F-E4488E4E87FC} = {3E0D1664-46B3-4C9F-A73F-E4488E4E87FC}
		{967DC4B1-DF89-4B0A-B376-8CD41FB85B84} = {967DC4B1-DF89-4B0A-B376-8CD41FB85B84}
	EndProjectSection
EndProject
Project("{8BC9CEB8-8B4A-11D0-8D11-00A0C91BC942}") = "AppConvexHullDistanceDemo", "Demos\ConvexHullDistance\AppConvexHullDistanceDemo.vcxproj", "{52C9A3FD-BBE3-4469-8F2A-1ADBD0575197}"
	ProjectSection(ProjectDependencies) = postProject
		{F3501BCA-F414-4555-9F51-C9069AF6C0F4} = {F3501BCA-F414-4555-9F51-C9069AF6C0F4}
		{C89535A3-955D-4599-A7D9-B1B64C2A1B97} = {C89535A3-955D-4599-A7D9-B1B64C2A1B97}
		{BA1A1F20-5A71-4438-8424-890FE828B6B0} = {BA1A1F20-5A71-4438-8424-890FE828B6B0}
		{3E0D1664-46B3-4C9F-A73F-E4488E4E87FC} = {3E0D1664-46B3-4C9F-A73F-E4488E4E87FC}
		{967DC4B1-DF89-4B0A-B376-8CD41FB85B84} = {967DC4B1-DF89-4B0A-B376-8CD41FB85B84}
	EndProjectSection
EndProject
Project("{8BC9CEB8-8B4A-11D0-8D11-00A0C91BC942}") = "AppDoublePrecisionDemo", "Demos\DoublePrecisionDemo\AppDoublePrecisionDemo.vcxproj", "{BFC2100D-DE0D-49AB-8FF3-EFA7419D6DD9}"
	ProjectSection(ProjectDependencies) = postProject
		{F3501BCA-F414-4555-9F51-C9069AF6C0F4} = {F3501BCA-F414-4555-9F51-C9069AF6C0F4}
		{C89535A3-955D-4599-A7D9-B1B64C2A1B97} = {C89535A3-955D-4599-A7D9-B1B64C2A1B97}
		{BA1A1F20-5A71-4438-8424-890FE828B6B0} = {BA1A1F20-5A71-4438-8424-890FE828B6B0}
		{3E0D1664-46B3-4C9F-A73F-E4488E4E87FC} = {3E0D1664-46B3-4C9F-A73F-E4488E4E87FC}
		{967DC4B1-DF89-4B0A-B376-8CD41FB85B84} = {967DC4B1-DF89-4B0A-B376-8CD41FB85B84}
	EndProjectSection
EndProject
Project("{8BC9CEB8-8B4A-11D0-8D11-00A0C91BC942}") = "AppForkLiftDemo", "Demos\ForkLiftDemo\AppForkLiftDemo.vcxproj", "{2FF7081D-224D-4A3A-8DDF-EB8D33611CA1}"
	ProjectSection(ProjectDependencies) = postProject
		{F3501BCA-F414-4555-9F51-C9069AF6C0F4} = {F3501BCA-F414-4555-9F51-C9069AF6C0F4}
		{C89535A3-955D-4599-A7D9-B1B64C2A1B97} = {C89535A3-955D-4599-A7D9-B1B64C2A1B97}
		{BA1A1F20-5A71-4438-8424-890FE828B6B0} = {BA1A1F20-5A71-4438-8424-890FE828B6B0}
		{3E0D1664-46B3-4C9F-A73F-E4488E4E87FC} = {3E0D1664-46B3-4C9F-A73F-E4488E4E87FC}
		{967DC4B1-DF89-4B0A-B376-8CD41FB85B84} = {967DC4B1-DF89-4B0A-B376-8CD41FB85B84}
	EndProjectSection
EndProject
Project("{8BC9CEB8-8B4A-11D0-8D11-00A0C91BC942}") = "AppFractureDemo", "Demos\FractureDemo\AppFractureDemo.vcxproj", "{62A13E30-F152-4194-A212-E9EE8F266BD6}"
	ProjectSection(ProjectDependencies) = postProject
		{F3501BCA-F414-4555-9F51-C9069AF6C0F4} = {F3501BCA-F414-4555-9F51-C9069AF6C0F4}
		{C89535A3-955D-4599-A7D9-B1B64C2A1B97} = {C89535A3-955D-4599-A7D9-B1B64C2A1B97}
		{BA1A1F20-5A71-4438-8424-890FE828B6B0} = {BA1A1F20-5A71-4438-8424-890FE828B6B0}
		{3E0D1664-46B3-4C9F-A73F-E4488E4E87FC} = {3E0D1664-46B3-4C9F-A73F-E4488E4E87FC}
		{967DC4B1-DF89-4B0A-B376-8CD41FB85B84} = {967DC4B1-DF89-4B0A-B376-8CD41FB85B84}
	EndProjectSection
EndProject
Project("{8BC9CEB8-8B4A-11D0-8D11-00A0C91BC942}") = "AppGenericJointDemo", "Demos\GenericJointDemo\AppGenericJointDemo.vcxproj", "{B0F981B0-012C-4C9E-A6C5-CDA77845CD4B}"
	ProjectSection(ProjectDependencies) = postProject
		{F3501BCA-F414-4555-9F51-C9069AF6C0F4} = {F3501BCA-F414-4555-9F51-C9069AF6C0F4}
		{C89535A3-955D-4599-A7D9-B1B64C2A1B97} = {C89535A3-955D-4599-A7D9-B1B64C2A1B97}
		{BA1A1F20-5A71-4438-8424-890FE828B6B0} = {BA1A1F20-5A71-4438-8424-890FE828B6B0}
		{3E0D1664-46B3-4C9F-A73F-E4488E4E87FC} = {3E0D1664-46B3-4C9F-A73F-E4488E4E87FC}
		{967DC4B1-DF89-4B0A-B376-8CD41FB85B84} = {967DC4B1-DF89-4B0A-B376-8CD41FB85B84}
	EndProjectSection
EndProject
Project("{8BC9CEB8-8B4A-11D0-8D11-00A0C91BC942}") = "AppHelloWorld", "Demos\HelloWorld\AppHelloWorld.vcxproj", "{74EFB733-9FC0-48C8-AB96-FBA3D9287FF1}"
	ProjectSection(ProjectDependencies) = postProject
		{F3501BCA-F414-4555-9F51-C9069AF6C0F4} = {F3501BCA-F414-4555-9F51-C9069AF6C0F4}
		{C89535A3-955D-4599-A7D9-B1B64C2A1B97} = {C89535A3-955D-4599-A7D9-B1B64C2A1B97}
		{BA1A1F20-5A71-4438-8424-890FE828B6B0} = {BA1A1F20-5A71-4438-8424-890FE828B6B0}
		{967DC4B1-DF89-4B0A-B376-8CD41FB85B84} = {967DC4B1-DF89-4B0A-B376-8CD41FB85B84}
	EndProjectSection
EndProject
Project("{8BC9CEB8-8B4A-11D0-8D11-00A0C91BC942}") = "AppHfFluidDemo", "Demos\HeightFieldFluidDemo\AppHfFluidDemo.vcxproj", "{9E61E167-9289-4B0E-8ACF-E0F6219B0C42}"
	ProjectSection(ProjectDependencies) = postProject
		{F3501BCA-F414-4555-9F51-C9069AF6C0F4} = {F3501BCA-F414-4555-9F51-C9069AF6C0F4}
		{C89535A3-955D-4599-A7D9-B1B64C2A1B97} = {C89535A3-955D-4599-A7D9-B1B64C2A1B97}
		{BA1A1F20-5A71-4438-8424-890FE828B6B0} = {BA1A1F20-5A71-4438-8424-890FE828B6B0}
		{3E0D1664-46B3-4C9F-A73F-E4488E4E87FC} = {3E0D1664-46B3-4C9F-A73F-E4488E4E87FC}
		{967DC4B1-DF89-4B0A-B376-8CD41FB85B84} = {967DC4B1-DF89-4B0A-B376-8CD41FB85B84}
	EndProjectSection
EndProject
Project("{8BC9CEB8-8B4A-11D0-8D11-00A0C91BC942}") = "AppInternalEdgeDemo", "Demos\InternalEdgeDemo\AppInternalEdgeDemo.vcxproj", "{97BECD18-188F-4EC5-8444-94378EEE003F}"
	ProjectSection(ProjectDependencies) = postProject
		{F3501BCA-F414-4555-9F51-C9069AF6C0F4} = {F3501BCA-F414-4555-9F51-C9069AF6C0F4}
		{C89535A3-955D-4599-A7D9-B1B64C2A1B97} = {C89535A3-955D-4599-A7D9-B1B64C2A1B97}
		{BA1A1F20-5A71-4438-8424-890FE828B6B0} = {BA1A1F20-5A71-4438-8424-890FE828B6B0}
		{3E0D1664-46B3-4C9F-A73F-E4488E4E87FC} = {3E0D1664-46B3-4C9F-A73F-E4488E4E87FC}
		{967DC4B1-DF89-4B0A-B376-8CD41FB85B84} = {967DC4B1-DF89-4B0A-B376-8CD41FB85B84}
	EndProjectSection
EndProject
Project("{8BC9CEB8-8B4A-11D0-8D11-00A0C91BC942}") = "AppLinearConvexCastDemo", "Demos\GjkConvexCastDemo\AppLinearConvexCastDemo.vcxproj", "{B95D7B8E-2100-46F8-B864-9E19E0FB4AF6}"
	ProjectSection(ProjectDependencies) = postProject
		{F3501BCA-F414-4555-9F51-C9069AF6C0F4} = {F3501BCA-F414-4555-9F51-C9069AF6C0F4}
		{C89535A3-955D-4599-A7D9-B1B64C2A1B97} = {C89535A3-955D-4599-A7D9-B1B64C2A1B97}
		{BA1A1F20-5A71-4438-8424-890FE828B6B0} = {BA1A1F20-5A71-4438-8424-890FE828B6B0}
		{3E0D1664-46B3-4C9F-A73F-E4488E4E87FC} = {3E0D1664-46B3-4C9F-A73F-E4488E4E87FC}
		{967DC4B1-DF89-4B0A-B376-8CD41FB85B84} = {967DC4B1-DF89-4B0A-B376-8CD41FB85B84}
	EndProjectSection
EndProject
Project("{8BC9CEB8-8B4A-11D0-8D11-00A0C91BC942}") = "AppMotorDemo", "Demos\DynamicControlDemo\AppMotorDemo.vcxproj", "{FEB9D665-7450-4D0D-8BB8-22302D3142C6}"
	ProjectSection(ProjectDependencies) = postProject
		{F3501BCA-F414-4555-9F51-C9069AF6C0F4} = {F3501BCA-F414-4555-9F51-C9069AF6C0F4}
		{C89535A3-955D-4599-A7D9-B1B64C2A1B97} = {C89535A3-955D-4599-A7D9-B1B64C2A1B97}
		{BA1A1F20-5A71-4438-8424-890FE828B6B0} = {BA1A1F20-5A71-4438-8424-890FE828B6B0}
		{3E0D1664-46B3-4C9F-A73F-E4488E4E87FC} = {3E0D1664-46B3-4C9F-A73F-E4488E4E87FC}
		{967DC4B1-DF89-4B0A-B376-8CD41FB85B84} = {967DC4B1-DF89-4B0A-B376-8CD41FB85B84}
	EndProjectSection
EndProject
Project("{8BC9CEB8-8B4A-11D0-8D11-00A0C91BC942}") = "AppMovingConcaveDemo", "Demos\MovingConcaveDemo\AppMovingConcaveDemo.vcxproj", "{92C7C388-4B2E-4DEC-817E-BEA9D2F8CC01}"
	ProjectSection(ProjectDependencies) = postProject
		{F3501BCA-F414-4555-9F51-C9069AF6C0F4} = {F3501BCA-F414-4555-9F51-C9069AF6C0F4}
		{C89535A3-955D-4599-A7D9-B1B64C2A1B97} = {C89535A3-955D-4599-A7D9-B1B64C2A1B97}
		{BA1A1F20-5A71-4438-8424-890FE828B6B0} = {BA1A1F20-5A71-4438-8424-890FE828B6B0}
		{3E0D1664-46B3-4C9F-A73F-E4488E4E87FC} = {3E0D1664-46B3-4C9F-A73F-E4488E4E87FC}
		{967DC4B1-DF89-4B0A-B376-8CD41FB85B84} = {967DC4B1-DF89-4B0A-B376-8CD41FB85B84}
	EndProjectSection
EndProject
Project("{8BC9CEB8-8B4A-11D0-8D11-00A0C91BC942}") = "AppMultiMaterialDemo", "Demos\MultiMaterialDemo\AppMultiMaterialDemo.vcxproj", "{0F83077C-FDF2-4B58-8EA7-CDCD3B8390AE}"
	ProjectSection(ProjectDependencies) = postProject
		{F3501BCA-F414-4555-9F51-C9069AF6C0F4} = {F3501BCA-F414-4555-9F51-C9069AF6C0F4}
		{C89535A3-955D-4599-A7D9-B1B64C2A1B97} = {C89535A3-955D-4599-A7D9-B1B64C2A1B97}
		{BA1A1F20-5A71-4438-8424-890FE828B6B0} = {BA1A1F20-5A71-4438-8424-890FE828B6B0}
		{3E0D1664-46B3-4C9F-A73F-E4488E4E87FC} = {3E0D1664-46B3-4C9F-A73F-E4488E4E87FC}
		{967DC4B1-DF89-4B0A-B376-8CD41FB85B84} = {967DC4B1-DF89-4B0A-B376-8CD41FB85B84}
	EndProjectSection
EndProject
Project("{8BC9CEB8-8B4A-11D0-8D11-00A0C91BC942}") = "AppMultiThreadedDemo", "Demos\MultiThreadedDemo\AppMultiThreadedDemo.vcxproj", "{CBD74DE2-9DD3-49BA-B3AF-2B4F8EC14B55}"
	ProjectSection(ProjectDependencies) = postProject
		{F3501BCA-F414-4555-9F51-C9069AF6C0F4} = {F3501BCA-F414-4555-9F51-C9069AF6C0F4}
		{C89535A3-955D-4599-A7D9-B1B64C2A1B97} = {C89535A3-955D-4599-A7D9-B1B64C2A1B97}
		{1744A9A1-7AFA-4334-8CE1-47A5FA0B8069} = {1744A9A1-7AFA-4334-8CE1-47A5FA0B8069}
		{BA1A1F20-5A71-4438-8424-890FE828B6B0} = {BA1A1F20-5A71-4438-8424-890FE828B6B0}
		{3E0D1664-46B3-4C9F-A73F-E4488E4E87FC} = {3E0D1664-46B3-4C9F-A73F-E4488E4E87FC}
		{967DC4B1-DF89-4B0A-B376-8CD41FB85B84} = {967DC4B1-DF89-4B0A-B376-8CD41FB85B84}
	EndProjectSection
EndProject
Project("{8BC9CEB8-8B4A-11D0-8D11-00A0C91BC942}") = "AppOpenCLClothDemo_Mini", "Demos\OpenCLClothDemo\MiniCL\AppOpenCLClothDemo_Mini.vcxproj", "{6EE61EAE-FD3F-4427-AA64-9C311477675B}"
	ProjectSection(ProjectDependencies) = postProject
		{F3501BCA-F414-4555-9F51-C9069AF6C0F4} = {F3501BCA-F414-4555-9F51-C9069AF6C0F4}
		{C89535A3-955D-4599-A7D9-B1B64C2A1B97} = {C89535A3-955D-4599-A7D9-B1B64C2A1B97}
		{1744A9A1-7AFA-4334-8CE1-47A5FA0B8069} = {1744A9A1-7AFA-4334-8CE1-47A5FA0B8069}
		{0A64BFB4-2D4E-44D9-9198-DA362C8317C8} = {0A64BFB4-2D4E-44D9-9198-DA362C8317C8}
		{30872565-3CC7-4EAF-BC43-DAC67CA9D159} = {30872565-3CC7-4EAF-BC43-DAC67CA9D159}
		{BA1A1F20-5A71-4438-8424-890FE828B6B0} = {BA1A1F20-5A71-4438-8424-890FE828B6B0}
		{109A0D92-BAEA-4EAB-B181-7E60F07CCF5A} = {109A0D92-BAEA-4EAB-B181-7E60F07CCF5A}
		{3E0D1664-46B3-4C9F-A73F-E4488E4E87FC} = {3E0D1664-46B3-4C9F-A73F-E4488E4E87FC}
		{967DC4B1-DF89-4B0A-B376-8CD41FB85B84} = {967DC4B1-DF89-4B0A-B376-8CD41FB85B84}
	EndProjectSection
EndProject
Project("{8BC9CEB8-8B4A-11D0-8D11-00A0C91BC942}") = "AppParticlesOCL_Mini", "Demos\ParticlesOpenCL\MiniCL\AppParticlesOCL_Mini.vcxproj", "{8BD88D27-2419-40A1-97BB-65D7069CC11A}"
	ProjectSection(ProjectDependencies) = postProject
		{F3501BCA-F414-4555-9F51-C9069AF6C0F4} = {F3501BCA-F414-4555-9F51-C9069AF6C0F4}
		{C89535A3-955D-4599-A7D9-B1B64C2A1B97} = {C89535A3-955D-4599-A7D9-B1B64C2A1B97}
		{1744A9A1-7AFA-4334-8CE1-47A5FA0B8069} = {1744A9A1-7AFA-4334-8CE1-47A5FA0B8069}
		{BA1A1F20-5A71-4438-8424-890FE828B6B0} = {BA1A1F20-5A71-4438-8424-890FE828B6B0}
		{109A0D92-BAEA-4EAB-B181-7E60F07CCF5A} = {109A0D92-BAEA-4EAB-B181-7E60F07CCF5A}
		{3E0D1664-46B3-4C9F-A73F-E4488E4E87FC} = {3E0D1664-46B3-4C9F-A73F-E4488E4E87FC}
		{967DC4B1-DF89-4B0A-B376-8CD41FB85B84} = {967DC4B1-DF89-4B0A-B376-8CD41FB85B84}
	EndProjectSection
EndProject
Project("{8BC9CEB8-8B4A-11D0-8D11-00A0C91BC942}") = "AppRagdollDemo", "Demos\RagdollDemo\AppRagdollDemo.vcxproj", "{B3E4B5E8-931E-423F-8EBC-A57A91FBFF27}"
	ProjectSection(ProjectDependencies) = postProject
		{F3501BCA-F414-4555-9F51-C9069AF6C0F4} = {F3501BCA-F414-4555-9F51-C9069AF6C0F4}
		{C89535A3-955D-4599-A7D9-B1B64C2A1B97} = {C89535A3-955D-4599-A7D9-B1B64C2A1B97}
		{BA1A1F20-5A71-4438-8424-890FE828B6B0} = {BA1A1F20-5A71-4438-8424-890FE828B6B0}
		{3E0D1664-46B3-4C9F-A73F-E4488E4E87FC} = {3E0D1664-46B3-4C9F-A73F-E4488E4E87FC}
		{967DC4B1-DF89-4B0A-B376-8CD41FB85B84} = {967DC4B1-DF89-4B0A-B376-8CD41FB85B84}
	EndProjectSection
EndProject
Project("{8BC9CEB8-8B4A-11D0-8D11-00A0C91BC942}") = "AppRaytracer", "Demos\Raytracer\AppRaytracer.vcxproj", "{87D54923-7013-4FF1-973F-111EA340F524}"
	ProjectSection(ProjectDependencies) = postProject
		{F3501BCA-F414-4555-9F51-C9069AF6C0F4} = {F3501BCA-F414-4555-9F51-C9069AF6C0F4}
		{C89535A3-955D-4599-A7D9-B1B64C2A1B97} = {C89535A3-955D-4599-A7D9-B1B64C2A1B97}
		{BA1A1F20-5A71-4438-8424-890FE828B6B0} = {BA1A1F20-5A71-4438-8424-890FE828B6B0}
		{3E0D1664-46B3-4C9F-A73F-E4488E4E87FC} = {3E0D1664-46B3-4C9F-A73F-E4488E4E87FC}
		{967DC4B1-DF89-4B0A-B376-8CD41FB85B84} = {967DC4B1-DF89-4B0A-B376-8CD41FB85B84}
	EndProjectSection
EndProject
Project("{8BC9CEB8-8B4A-11D0-8D11-00A0C91BC942}") = "AppSerializeDemo", "Demos\SerializeDemo\AppSerializeDemo.vcxproj", "{4FF31E39-B588-46F1-9C60-4CED466707E0}"
	ProjectSection(ProjectDependencies) = postProject
		{F3501BCA-F414-4555-9F51-C9069AF6C0F4} = {F3501BCA-F414-4555-9F51-C9069AF6C0F4}
		{C89535A3-955D-4599-A7D9-B1B64C2A1B97} = {C89535A3-955D-4599-A7D9-B1B64C2A1B97}
		{A65430BC-A1D5-4E01-8CF1-DE14769A742B} = {A65430BC-A1D5-4E01-8CF1-DE14769A742B}
		{0A64BFB4-2D4E-44D9-9198-DA362C8317C8} = {0A64BFB4-2D4E-44D9-9198-DA362C8317C8}
		{A45093F8-617D-4B4A-A1FA-9073C42EC5E0} = {A45093F8-617D-4B4A-A1FA-9073C42EC5E0}
		{BA1A1F20-5A71-4438-8424-890FE828B6B0} = {BA1A1F20-5A71-4438-8424-890FE828B6B0}
		{3E0D1664-46B3-4C9F-A73F-E4488E4E87FC} = {3E0D1664-46B3-4C9F-A73F-E4488E4E87FC}
		{967DC4B1-DF89-4B0A-B376-8CD41FB85B84} = {967DC4B1-DF89-4B0A-B376-8CD41FB85B84}
	EndProjectSection
EndProject
Project("{8BC9CEB8-8B4A-11D0-8D11-00A0C91BC942}") = "AppSimplexDemo", "Demos\SimplexDemo\AppSimplexDemo.vcxproj", "{1BE2078D-3DFE-41E4-B61A-AFC864735602}"
	ProjectSection(ProjectDependencies) = postProject
		{F3501BCA-F414-4555-9F51-C9069AF6C0F4} = {F3501BCA-F414-4555-9F51-C9069AF6C0F4}
		{C89535A3-955D-4599-A7D9-B1B64C2A1B97} = {C89535A3-955D-4599-A7D9-B1B64C2A1B97}
		{BA1A1F20-5A71-4438-8424-890FE828B6B0} = {BA1A1F20-5A71-4438-8424-890FE828B6B0}
		{3E0D1664-46B3-4C9F-A73F-E4488E4E87FC} = {3E0D1664-46B3-4C9F-A73F-E4488E4E87FC}
		{967DC4B1-DF89-4B0A-B376-8CD41FB85B84} = {967DC4B1-DF89-4B0A-B376-8CD41FB85B84}
	EndProjectSection
EndProject
Project("{8BC9CEB8-8B4A-11D0-8D11-00A0C91BC942}") = "AppSliderConstraintDemo", "Demos\SliderConstraintDemo\AppSliderConstraintDemo.vcxproj", "{B2E34BB8-CB68-4235-8C86-2287C6BD3DCE}"
	ProjectSection(ProjectDependencies) = postProject
		{F3501BCA-F414-4555-9F51-C9069AF6C0F4} = {F3501BCA-F414-4555-9F51-C9069AF6C0F4}
		{C89535A3-955D-4599-A7D9-B1B64C2A1B97} = {C89535A3-955D-4599-A7D9-B1B64C2A1B97}
		{BA1A1F20-5A71-4438-8424-890FE828B6B0} = {BA1A1F20-5A71-4438-8424-890FE828B6B0}
		{3E0D1664-46B3-4C9F-A73F-E4488E4E87FC} = {3E0D1664-46B3-4C9F-A73F-E4488E4E87FC}
		{967DC4B1-DF89-4B0A-B376-8CD41FB85B84} = {967DC4B1-DF89-4B0A-B376-8CD41FB85B84}
	EndProjectSection
EndProject
Project("{8BC9CEB8-8B4A-11D0-8D11-00A0C91BC942}") = "AppSoftBodyDemo", "Demos\SoftDemo\AppSoftBodyDemo.vcxproj", "{5C81EB4D-9027-421F-974F-74316FF15BB6}"
	ProjectSection(ProjectDependencies) = postProject
		{F3501BCA-F414-4555-9F51-C9069AF6C0F4} = {F3501BCA-F414-4555-9F51-C9069AF6C0F4}
		{C89535A3-955D-4599-A7D9-B1B64C2A1B97} = {C89535A3-955D-4599-A7D9-B1B64C2A1B97}
		{0A64BFB4-2D4E-44D9-9198-DA362C8317C8} = {0A64BFB4-2D4E-44D9-9198-DA362C8317C8}
		{BA1A1F20-5A71-4438-8424-890FE828B6B0} = {BA1A1F20-5A71-4438-8424-890FE828B6B0}
		{3E0D1664-46B3-4C9F-A73F-E4488E4E87FC} = {3E0D1664-46B3-4C9F-A73F-E4488E4E87FC}
		{967DC4B1-DF89-4B0A-B376-8CD41FB85B84} = {967DC4B1-DF89-4B0A-B376-8CD41FB85B84}
	EndProjectSection
EndProject
Project("{8BC9CEB8-8B4A-11D0-8D11-00A0C91BC942}") = "AppThreadingDemo", "Demos\ThreadingDemo\AppThreadingDemo.vcxproj", "{EBDE5595-60FA-4594-833A-6E952547822D}"
	ProjectSection(ProjectDependencies) = postProject
		{F3501BCA-F414-4555-9F51-C9069AF6C0F4} = {F3501BCA-F414-4555-9F51-C9069AF6C0F4}
		{C89535A3-955D-4599-A7D9-B1B64C2A1B97} = {C89535A3-955D-4599-A7D9-B1B64C2A1B97}
		{1744A9A1-7AFA-4334-8CE1-47A5FA0B8069} = {1744A9A1-7AFA-4334-8CE1-47A5FA0B8069}
		{BA1A1F20-5A71-4438-8424-890FE828B6B0} = {BA1A1F20-5A71-4438-8424-890FE828B6B0}
		{967DC4B1-DF89-4B0A-B376-8CD41FB85B84} = {967DC4B1-DF89-4B0A-B376-8CD41FB85B84}
	EndProjectSection
EndProject
Project("{8BC9CEB8-8B4A-11D0-8D11-00A0C91BC942}") = "AppUserCollisionAlgorithm", "Demos\UserCollisionAlgorithm\AppUserCollisionAlgorithm.vcxproj", "{E283FB29-BB4B-4064-874E-E6D85E2FBB65}"
	ProjectSection(ProjectDependencies) = postProject
		{F3501BCA-F414-4555-9F51-C9069AF6C0F4} = {F3501BCA-F414-4555-9F51-C9069AF6C0F4}
		{C89535A3-955D-4599-A7D9-B1B64C2A1B97} = {C89535A3-955D-4599-A7D9-B1B64C2A1B97}
		{BA1A1F20-5A71-4438-8424-890FE828B6B0} = {BA1A1F20-5A71-4438-8424-890FE828B6B0}
		{3E0D1664-46B3-4C9F-A73F-E4488E4E87FC} = {3E0D1664-46B3-4C9F-A73F-E4488E4E87FC}
		{967DC4B1-DF89-4B0A-B376-8CD41FB85B84} = {967DC4B1-DF89-4B0A-B376-8CD41FB85B84}
	EndProjectSection
EndProject
Project("{8BC9CEB8-8B4A-11D0-8D11-00A0C91BC942}") = "AppVectorAdd_Mini", "Demos\VectorAdd_OpenCL\MiniCL\AppVectorAdd_Mini.vcxproj", "{AC92B8FA-C1E7-4229-BD48-D03D10212EDF}"
	ProjectSection(ProjectDependencies) = postProject
		{1744A9A1-7AFA-4334-8CE1-47A5FA0B8069} = {1744A9A1-7AFA-4334-8CE1-47A5FA0B8069}
		{BA1A1F20-5A71-4438-8424-890FE828B6B0} = {BA1A1F20-5A71-4438-8424-890FE828B6B0}
		{109A0D92-BAEA-4EAB-B181-7E60F07CCF5A} = {109A0D92-BAEA-4EAB-B181-7E60F07CCF5A}
		{967DC4B1-DF89-4B0A-B376-8CD41FB85B84} = {967DC4B1-DF89-4B0A-B376-8CD41FB85B84}
	EndProjectSection
EndProject
Project("{8BC9CEB8-8B4A-11D0-8D11-00A0C91BC942}") = "AppVehicleDemo", "Demos\VehicleDemo\AppVehicleDemo.vcxproj", "{382A7426-E6C3-4065-9394-63A4BE28A2B7}"
	ProjectSection(ProjectDependencies) = postProject
		{F3501BCA-F414-4555-9F51-C9069AF6C0F4} = {F3501BCA-F414-4555-9F51-C9069AF6C0F4}
		{C89535A3-955D-4599-A7D9-B1B64C2A1B97} = {C89535A3-955D-4599-A7D9-B1B64C2A1B97}
		{BA1A1F20-5A71-4438-8424-890FE828B6B0} = {BA1A1F20-5A71-4438-8424-890FE828B6B0}
		{3E0D1664-46B3-4C9F-A73F-E4488E4E87FC} = {3E0D1664-46B3-4C9F-A73F-E4488E4E87FC}
		{967DC4B1-DF89-4B0A-B376-8CD41FB85B84} = {967DC4B1-DF89-4B0A-B376-8CD41FB85B84}
	EndProjectSection
EndProject
Project("{8BC9CEB8-8B4A-11D0-8D11-00A0C91BC942}") = "AppVoronoiFractureDemo", "Demos\VoronoiFractureDemo\AppVoronoiFractureDemo.vcxproj", "{5F6A2603-5B25-4D52-BF7C-C9A4F3274539}"
	ProjectSection(ProjectDependencies) = postProject
		{F3501BCA-F414-4555-9F51-C9069AF6C0F4} = {F3501BCA-F414-4555-9F51-C9069AF6C0F4}
		{C89535A3-955D-4599-A7D9-B1B64C2A1B97} = {C89535A3-955D-4599-A7D9-B1B64C2A1B97}
		{BA1A1F20-5A71-4438-8424-890FE828B6B0} = {BA1A1F20-5A71-4438-8424-890FE828B6B0}
		{3E0D1664-46B3-4C9F-A73F-E4488E4E87FC} = {3E0D1664-46B3-4C9F-A73F-E4488E4E87FC}
		{967DC4B1-DF89-4B0A-B376-8CD41FB85B84} = {967DC4B1-DF89-4B0A-B376-8CD41FB85B84}
	EndProjectSection
EndProject
Project("{8BC9CEB8-8B4A-11D0-8D11-00A0C91BC942}") = "BulletCollision", "src\BulletCollision\BulletCollision.vcxproj", "{F3501BCA-F414-4555-9F51-C9069AF6C0F4}"
	ProjectSection(ProjectDependencies) = postProject
		{967DC4B1-DF89-4B0A-B376-8CD41FB85B84} = {967DC4B1-DF89-4B0A-B376-8CD41FB85B84}
	EndProjectSection
EndProject
Project("{8BC9CEB8-8B4A-11D0-8D11-00A0C91BC942}") = "BulletDynamics", "src\BulletDynamics\BulletDynamics.vcxproj", "{C89535A3-955D-4599-A7D9-B1B64C2A1B97}"
	ProjectSection(ProjectDependencies) = postProject
		{967DC4B1-DF89-4B0A-B376-8CD41FB85B84} = {967DC4B1-DF89-4B0A-B376-8CD41FB85B84}
	EndProjectSection
EndProject
Project("{8BC9CEB8-8B4A-11D0-8D11-00A0C91BC942}") = "BulletFileLoader", "Extras\Serialize\BulletFileLoader\BulletFileLoader.vcxproj", "{A65430BC-A1D5-4E01-8CF1-DE14769A742B}"
	ProjectSection(ProjectDependencies) = postProject
		{967DC4B1-DF89-4B0A-B376-8CD41FB85B84} = {967DC4B1-DF89-4B0A-B376-8CD41FB85B84}
	EndProjectSection
EndProject
Project("{8BC9CEB8-8B4A-11D0-8D11-00A0C91BC942}") = "BulletMultiThreaded", "src\BulletMultiThreaded\BulletMultiThreaded.vcxproj", "{1744A9A1-7AFA-4334-8CE1-47A5FA0B8069}"
	ProjectSection(ProjectDependencies) = postProject
		{967DC4B1-DF89-4B0A-B376-8CD41FB85B84} = {967DC4B1-DF89-4B0A-B376-8CD41FB85B84}
	EndProjectSection
EndProject
Project("{8BC9CEB8-8B4A-11D0-8D11-00A0C91BC942}") = "BulletSoftBody", "src\BulletSoftBody\BulletSoftBody.vcxproj", "{0A64BFB4-2D4E-44D9-9198-DA362C8317C8}"
	ProjectSection(ProjectDependencies) = postProject
		{967DC4B1-DF89-4B0A-B376-8CD41FB85B84} = {967DC4B1-DF89-4B0A-B376-8CD41FB85B84}
	EndProjectSection
EndProject
Project("{8BC9CEB8-8B4A-11D0-8D11-00A0C91BC942}") = "BulletSoftBodySolvers_OpenCL_Mini", "src\BulletMultiThreaded\GpuSoftBodySolvers\OpenCL\MiniCL\BulletSoftBodySolvers_OpenCL_Mini.vcxproj", "{30872565-3CC7-4EAF-BC43-DAC67CA9D159}"
	ProjectSection(ProjectDependencies) = postProject
		{967DC4B1-DF89-4B0A-B376-8CD41FB85B84} = {967DC4B1-DF89-4B0A-B376-8CD41FB85B84}
	EndProjectSection
EndProject
Project("{8BC9CEB8-8B4A-11D0-8D11-00A0C91BC942}") = "BulletWorldImporter", "Extras\Serialize\BulletWorldImporter\BulletWorldImporter.vcxproj", "{A45093F8-617D-4B4A-A1FA-9073C42EC5E0}"
	ProjectSection(ProjectDependencies) = postProject
		{967DC4B1-DF89-4B0A-B376-8CD41FB85B84} = {967DC4B1-DF89-4B0A-B376-8CD41FB85B84}
	EndProjectSection
EndProject
Project("{8BC9CEB8-8B4A-11D0-8D11-00A0C91BC942}") = "ConvexDecomposition", "Extras\ConvexDecomposition\ConvexDecomposition.vcxproj", "{28D7D1D0-6447-45DB-81A1-04828066D91E}"
	ProjectSection(ProjectDependencies) = postProject
		{967DC4B1-DF89-4B0A-B376-8CD41FB85B84} = {967DC4B1-DF89-4B0A-B376-8CD41FB85B84}
	EndProjectSection
EndProject
Project("{8BC9CEB8-8B4A-11D0-8D11-00A0C91BC942}") = "GIMPACTUtils", "Extras\GIMPACTUtils\GIMPACTUtils.vcxproj", "{8078E7E4-B953-42D2-9D15-38200FFB834A}"
	ProjectSection(ProjectDependencies) = postProject
		{967DC4B1-DF89-4B0A-B376-8CD41FB85B84} = {967DC4B1-DF89-4B0A-B376-8CD41FB85B84}
	EndProjectSection
EndProject
Project("{8BC9CEB8-8B4A-11D0-8D11-00A0C91BC942}") = "GLUI", "Extras\glui\GLUI.vcxproj", "{4CB5221C-C08A-4BA2-952D-EB7DC70C9BB2}"
	ProjectSection(ProjectDependencies) = postProject
		{967DC4B1-DF89-4B0A-B376-8CD41FB85B84} = {967DC4B1-DF89-4B0A-B376-8CD41FB85B84}
	EndProjectSection
EndProject
Project("{8BC9CEB8-8B4A-11D0-8D11-00A0C91BC942}") = "HACD", "Extras\HACD\HACD.vcxproj", "{7B642A10-290D-4FAC-AABE-8214B5362D4F}"
	ProjectSection(ProjectDependencies) = postProject
		{967DC4B1-DF89-4B0A-B376-8CD41FB85B84} = {967DC4B1-DF89-4B0A-B376-8CD41FB85B84}
	EndProjectSection
EndProject
Project("{8BC9CEB8-8B4A-11D0-8D11-00A0C91BC942}") = "LinearMath", "src\LinearMath\LinearMath.vcxproj", "{BA1A1F20-5A71-4438-8424-890FE828B6B0}"
	ProjectSection(ProjectDependencies) = postProject
		{967DC4B1-DF89-4B0A-B376-8CD41FB85B84} = {967DC4B1-DF89-4B0A-B376-8CD41FB85B84}
	EndProjectSection
EndProject
Project("{8BC9CEB8-8B4A-11D0-8D11-00A0C91BC942}") = "MiniCL", "src\MiniCL\MiniCL.vcxproj", "{109A0D92-BAEA-4EAB-B181-7E60F07CCF5A}"
	ProjectSection(ProjectDependencies) = postProject
		{967DC4B1-DF89-4B0A-B376-8CD41FB85B84} = {967DC4B1-DF89-4B0A-B376-8CD41FB85B84}
	EndProjectSection
EndProject
Project("{8BC9CEB8-8B4A-11D0-8D11-00A0C91BC942}") = "OpenGLSupport", "Demos\OpenGL\OpenGLSupport.vcxproj", "{3E0D1664-46B3-4C9F-A73F-E4488E4E87FC}"
	ProjectSection(ProjectDependencies) = postProject
		{967DC4B1-DF89-4B0A-B376-8CD41FB85B84} = {967DC4B1-DF89-4B0A-B376-8CD41FB85B84}
	EndProjectSection
EndProject
Project("{8BC9CEB8-8B4A-11D0-8D11-00A0C91BC942}") = "ZERO_CHECK", "ZERO_CHECK.vcxproj", "{967DC4B1-DF89-4B0A-B376-8CD41FB85B84}"
	ProjectSection(ProjectDependencies) = postProject
	EndProjectSection
EndProject
Global
	GlobalSection(SolutionConfigurationPlatforms) = preSolution
		Debug|Win32 = Debug|Win32
		Release|Win32 = Release|Win32
		MinSizeRel|Win32 = MinSizeRel|Win32
		RelWithDebInfo|Win32 = RelWithDebInfo|Win32
	EndGlobalSection
	GlobalSection(ProjectConfigurationPlatforms) = postSolution
		{7DD3AAB3-DB81-4C89-80E7-8B9961067123}.Debug|Win32.ActiveCfg = Debug|Win32
		{7DD3AAB3-DB81-4C89-80E7-8B9961067123}.Release|Win32.ActiveCfg = Release|Win32
		{7DD3AAB3-DB81-4C89-80E7-8B9961067123}.MinSizeRel|Win32.ActiveCfg = MinSizeRel|Win32
		{7DD3AAB3-DB81-4C89-80E7-8B9961067123}.RelWithDebInfo|Win32.ActiveCfg = RelWithDebInfo|Win32
		{0FE455B6-1BE7-4540-A9B8-B101DFAC2B6B}.Debug|Win32.ActiveCfg = Debug|Win32
		{0FE455B6-1BE7-4540-A9B8-B101DFAC2B6B}.Debug|Win32.Build.0 = Debug|Win32
		{0FE455B6-1BE7-4540-A9B8-B101DFAC2B6B}.Release|Win32.ActiveCfg = Release|Win32
		{0FE455B6-1BE7-4540-A9B8-B101DFAC2B6B}.Release|Win32.Build.0 = Release|Win32
		{0FE455B6-1BE7-4540-A9B8-B101DFAC2B6B}.MinSizeRel|Win32.ActiveCfg = MinSizeRel|Win32
		{0FE455B6-1BE7-4540-A9B8-B101DFAC2B6B}.MinSizeRel|Win32.Build.0 = MinSizeRel|Win32
		{0FE455B6-1BE7-4540-A9B8-B101DFAC2B6B}.RelWithDebInfo|Win32.ActiveCfg = RelWithDebInfo|Win32
		{0FE455B6-1BE7-4540-A9B8-B101DFAC2B6B}.RelWithDebInfo|Win32.Build.0 = RelWithDebInfo|Win32
		{CA25508F-E4C8-41D1-B6F2-8E630BA6BA8C}.Debug|Win32.ActiveCfg = Debug|Win32
		{CA25508F-E4C8-41D1-B6F2-8E630BA6BA8C}.Debug|Win32.Build.0 = Debug|Win32
		{CA25508F-E4C8-41D1-B6F2-8E630BA6BA8C}.Release|Win32.ActiveCfg = Release|Win32
		{CA25508F-E4C8-41D1-B6F2-8E630BA6BA8C}.Release|Win32.Build.0 = Release|Win32
		{CA25508F-E4C8-41D1-B6F2-8E630BA6BA8C}.MinSizeRel|Win32.ActiveCfg = MinSizeRel|Win32
		{CA25508F-E4C8-41D1-B6F2-8E630BA6BA8C}.MinSizeRel|Win32.Build.0 = MinSizeRel|Win32
		{CA25508F-E4C8-41D1-B6F2-8E630BA6BA8C}.RelWithDebInfo|Win32.ActiveCfg = RelWithDebInfo|Win32
		{CA25508F-E4C8-41D1-B6F2-8E630BA6BA8C}.RelWithDebInfo|Win32.Build.0 = RelWithDebInfo|Win32
		{C8B0BC82-E56B-4125-B014-0E96CE9F72F3}.Debug|Win32.ActiveCfg = Debug|Win32
		{C8B0BC82-E56B-4125-B014-0E96CE9F72F3}.Debug|Win32.Build.0 = Debug|Win32
		{C8B0BC82-E56B-4125-B014-0E96CE9F72F3}.Release|Win32.ActiveCfg = Release|Win32
		{C8B0BC82-E56B-4125-B014-0E96CE9F72F3}.Release|Win32.Build.0 = Release|Win32
		{C8B0BC82-E56B-4125-B014-0E96CE9F72F3}.MinSizeRel|Win32.ActiveCfg = MinSizeRel|Win32
		{C8B0BC82-E56B-4125-B014-0E96CE9F72F3}.MinSizeRel|Win32.Build.0 = MinSizeRel|Win32
		{C8B0BC82-E56B-4125-B014-0E96CE9F72F3}.RelWithDebInfo|Win32.ActiveCfg = RelWithDebInfo|Win32
		{C8B0BC82-E56B-4125-B014-0E96CE9F72F3}.RelWithDebInfo|Win32.Build.0 = RelWithDebInfo|Win32
		{1A476ED2-29A9-4ED8-B79B-67FD873BB7A8}.Debug|Win32.ActiveCfg = Debug|Win32
		{1A476ED2-29A9-4ED8-B79B-67FD873BB7A8}.Debug|Win32.Build.0 = Debug|Win32
		{1A476ED2-29A9-4ED8-B79B-67FD873BB7A8}.Release|Win32.ActiveCfg = Release|Win32
		{1A476ED2-29A9-4ED8-B79B-67FD873BB7A8}.Release|Win32.Build.0 = Release|Win32
		{1A476ED2-29A9-4ED8-B79B-67FD873BB7A8}.MinSizeRel|Win32.ActiveCfg = MinSizeRel|Win32
		{1A476ED2-29A9-4ED8-B79B-67FD873BB7A8}.MinSizeRel|Win32.Build.0 = MinSizeRel|Win32
		{1A476ED2-29A9-4ED8-B79B-67FD873BB7A8}.RelWithDebInfo|Win32.ActiveCfg = RelWithDebInfo|Win32
		{1A476ED2-29A9-4ED8-B79B-67FD873BB7A8}.RelWithDebInfo|Win32.Build.0 = RelWithDebInfo|Win32
		{AB2CF5CA-2869-49D6-B4BC-685170E08F0B}.Debug|Win32.ActiveCfg = Debug|Win32
		{AB2CF5CA-2869-49D6-B4BC-685170E08F0B}.Debug|Win32.Build.0 = Debug|Win32
		{AB2CF5CA-2869-49D6-B4BC-685170E08F0B}.Release|Win32.ActiveCfg = Release|Win32
		{AB2CF5CA-2869-49D6-B4BC-685170E08F0B}.Release|Win32.Build.0 = Release|Win32
		{AB2CF5CA-2869-49D6-B4BC-685170E08F0B}.MinSizeRel|Win32.ActiveCfg = MinSizeRel|Win32
		{AB2CF5CA-2869-49D6-B4BC-685170E08F0B}.MinSizeRel|Win32.Build.0 = MinSizeRel|Win32
		{AB2CF5CA-2869-49D6-B4BC-685170E08F0B}.RelWithDebInfo|Win32.ActiveCfg = RelWithDebInfo|Win32
		{AB2CF5CA-2869-49D6-B4BC-685170E08F0B}.RelWithDebInfo|Win32.Build.0 = RelWithDebInfo|Win32
		{E84817C1-DA58-4012-81A5-A6D9CFC9E938}.Debug|Win32.ActiveCfg = Debug|Win32
		{E84817C1-DA58-4012-81A5-A6D9CFC9E938}.Debug|Win32.Build.0 = Debug|Win32
		{E84817C1-DA58-4012-81A5-A6D9CFC9E938}.Release|Win32.ActiveCfg = Release|Win32
		{E84817C1-DA58-4012-81A5-A6D9CFC9E938}.Release|Win32.Build.0 = Release|Win32
		{E84817C1-DA58-4012-81A5-A6D9CFC9E938}.MinSizeRel|Win32.ActiveCfg = MinSizeRel|Win32
		{E84817C1-DA58-4012-81A5-A6D9CFC9E938}.MinSizeRel|Win32.Build.0 = MinSizeRel|Win32
		{E84817C1-DA58-4012-81A5-A6D9CFC9E938}.RelWithDebInfo|Win32.ActiveCfg = RelWithDebInfo|Win32
		{E84817C1-DA58-4012-81A5-A6D9CFC9E938}.RelWithDebInfo|Win32.Build.0 = RelWithDebInfo|Win32
		{D60DD494-7638-4898-AEA7-BBE9E1BA93C3}.Debug|Win32.ActiveCfg = Debug|Win32
		{D60DD494-7638-4898-AEA7-BBE9E1BA93C3}.Debug|Win32.Build.0 = Debug|Win32
		{D60DD494-7638-4898-AEA7-BBE9E1BA93C3}.Release|Win32.ActiveCfg = Release|Win32
		{D60DD494-7638-4898-AEA7-BBE9E1BA93C3}.Release|Win32.Build.0 = Release|Win32
		{D60DD494-7638-4898-AEA7-BBE9E1BA93C3}.MinSizeRel|Win32.ActiveCfg = MinSizeRel|Win32
		{D60DD494-7638-4898-AEA7-BBE9E1BA93C3}.MinSizeRel|Win32.Build.0 = MinSizeRel|Win32
		{D60DD494-7638-4898-AEA7-BBE9E1BA93C3}.RelWithDebInfo|Win32.ActiveCfg = RelWithDebInfo|Win32
		{D60DD494-7638-4898-AEA7-BBE9E1BA93C3}.RelWithDebInfo|Win32.Build.0 = RelWithDebInfo|Win32
		{1A44F461-CEAF-4120-963B-2FB306624E4E}.Debug|Win32.ActiveCfg = Debug|Win32
		{1A44F461-CEAF-4120-963B-2FB306624E4E}.Debug|Win32.Build.0 = Debug|Win32
		{1A44F461-CEAF-4120-963B-2FB306624E4E}.Release|Win32.ActiveCfg = Release|Win32
		{1A44F461-CEAF-4120-963B-2FB306624E4E}.Release|Win32.Build.0 = Release|Win32
		{1A44F461-CEAF-4120-963B-2FB306624E4E}.MinSizeRel|Win32.ActiveCfg = MinSizeRel|Win32
		{1A44F461-CEAF-4120-963B-2FB306624E4E}.MinSizeRel|Win32.Build.0 = MinSizeRel|Win32
		{1A44F461-CEAF-4120-963B-2FB306624E4E}.RelWithDebInfo|Win32.ActiveCfg = RelWithDebInfo|Win32
		{1A44F461-CEAF-4120-963B-2FB306624E4E}.RelWithDebInfo|Win32.Build.0 = RelWithDebInfo|Win32
		{A5686D4E-95B8-4580-A679-F63967885133}.Debug|Win32.ActiveCfg = Debug|Win32
		{A5686D4E-95B8-4580-A679-F63967885133}.Debug|Win32.Build.0 = Debug|Win32
		{A5686D4E-95B8-4580-A679-F63967885133}.Release|Win32.ActiveCfg = Release|Win32
		{A5686D4E-95B8-4580-A679-F63967885133}.Release|Win32.Build.0 = Release|Win32
		{A5686D4E-95B8-4580-A679-F63967885133}.MinSizeRel|Win32.ActiveCfg = MinSizeRel|Win32
		{A5686D4E-95B8-4580-A679-F63967885133}.MinSizeRel|Win32.Build.0 = MinSizeRel|Win32
		{A5686D4E-95B8-4580-A679-F63967885133}.RelWithDebInfo|Win32.ActiveCfg = RelWithDebInfo|Win32
		{A5686D4E-95B8-4580-A679-F63967885133}.RelWithDebInfo|Win32.Build.0 = RelWithDebInfo|Win32
		{D821790A-6849-4FE2-896B-11A525863DC2}.Debug|Win32.ActiveCfg = Debug|Win32
		{D821790A-6849-4FE2-896B-11A525863DC2}.Debug|Win32.Build.0 = Debug|Win32
		{D821790A-6849-4FE2-896B-11A525863DC2}.Release|Win32.ActiveCfg = Release|Win32
		{D821790A-6849-4FE2-896B-11A525863DC2}.Release|Win32.Build.0 = Release|Win32
		{D821790A-6849-4FE2-896B-11A525863DC2}.MinSizeRel|Win32.ActiveCfg = MinSizeRel|Win32
		{D821790A-6849-4FE2-896B-11A525863DC2}.MinSizeRel|Win32.Build.0 = MinSizeRel|Win32
		{D821790A-6849-4FE2-896B-11A525863DC2}.RelWithDebInfo|Win32.ActiveCfg = RelWithDebInfo|Win32
		{D821790A-6849-4FE2-896B-11A525863DC2}.RelWithDebInfo|Win32.Build.0 = RelWithDebInfo|Win32
		{768BBE75-969C-4D17-9FF6-0185C9D96893}.Debug|Win32.ActiveCfg = Debug|Win32
		{768BBE75-969C-4D17-9FF6-0185C9D96893}.Debug|Win32.Build.0 = Debug|Win32
		{768BBE75-969C-4D17-9FF6-0185C9D96893}.Release|Win32.ActiveCfg = Release|Win32
		{768BBE75-969C-4D17-9FF6-0185C9D96893}.Release|Win32.Build.0 = Release|Win32
		{768BBE75-969C-4D17-9FF6-0185C9D96893}.MinSizeRel|Win32.ActiveCfg = MinSizeRel|Win32
		{768BBE75-969C-4D17-9FF6-0185C9D96893}.MinSizeRel|Win32.Build.0 = MinSizeRel|Win32
		{768BBE75-969C-4D17-9FF6-0185C9D96893}.RelWithDebInfo|Win32.ActiveCfg = RelWithDebInfo|Win32
		{768BBE75-969C-4D17-9FF6-0185C9D96893}.RelWithDebInfo|Win32.Build.0 = RelWithDebInfo|Win32
		{46F633BA-C019-46C4-9E87-08B4680BF959}.Debug|Win32.ActiveCfg = Debug|Win32
		{46F633BA-C019-46C4-9E87-08B4680BF959}.Debug|Win32.Build.0 = Debug|Win32
		{46F633BA-C019-46C4-9E87-08B4680BF959}.Release|Win32.ActiveCfg = Release|Win32
		{46F633BA-C019-46C4-9E87-08B4680BF959}.Release|Win32.Build.0 = Release|Win32
		{46F633BA-C019-46C4-9E87-08B4680BF959}.MinSizeRel|Win32.ActiveCfg = MinSizeRel|Win32
		{46F633BA-C019-46C4-9E87-08B4680BF959}.MinSizeRel|Win32.Build.0 = MinSizeRel|Win32
		{46F633BA-C019-46C4-9E87-08B4680BF959}.RelWithDebInfo|Win32.ActiveCfg = RelWithDebInfo|Win32
		{46F633BA-C019-46C4-9E87-08B4680BF959}.RelWithDebInfo|Win32.Build.0 = RelWithDebInfo|Win32
		{896586D7-EE81-4304-BFCE-E23295AE14CF}.Debug|Win32.ActiveCfg = Debug|Win32
		{896586D7-EE81-4304-BFCE-E23295AE14CF}.Debug|Win32.Build.0 = Debug|Win32
		{896586D7-EE81-4304-BFCE-E23295AE14CF}.Release|Win32.ActiveCfg = Release|Win32
		{896586D7-EE81-4304-BFCE-E23295AE14CF}.Release|Win32.Build.0 = Release|Win32
		{896586D7-EE81-4304-BFCE-E23295AE14CF}.MinSizeRel|Win32.ActiveCfg = MinSizeRel|Win32
		{896586D7-EE81-4304-BFCE-E23295AE14CF}.MinSizeRel|Win32.Build.0 = MinSizeRel|Win32
		{896586D7-EE81-4304-BFCE-E23295AE14CF}.RelWithDebInfo|Win32.ActiveCfg = RelWithDebInfo|Win32
		{896586D7-EE81-4304-BFCE-E23295AE14CF}.RelWithDebInfo|Win32.Build.0 = RelWithDebInfo|Win32
		{44E6ACD4-2CF3-4D67-AE06-4F9CEB9D9FEE}.Debug|Win32.ActiveCfg = Debug|Win32
		{44E6ACD4-2CF3-4D67-AE06-4F9CEB9D9FEE}.Debug|Win32.Build.0 = Debug|Win32
		{44E6ACD4-2CF3-4D67-AE06-4F9CEB9D9FEE}.Release|Win32.ActiveCfg = Release|Win32
		{44E6ACD4-2CF3-4D67-AE06-4F9CEB9D9FEE}.Release|Win32.Build.0 = Release|Win32
		{44E6ACD4-2CF3-4D67-AE06-4F9CEB9D9FEE}.MinSizeRel|Win32.ActiveCfg = MinSizeRel|Win32
		{44E6ACD4-2CF3-4D67-AE06-4F9CEB9D9FEE}.MinSizeRel|Win32.Build.0 = MinSizeRel|Win32
		{44E6ACD4-2CF3-4D67-AE06-4F9CEB9D9FEE}.RelWithDebInfo|Win32.ActiveCfg = RelWithDebInfo|Win32
		{44E6ACD4-2CF3-4D67-AE06-4F9CEB9D9FEE}.RelWithDebInfo|Win32.Build.0 = RelWithDebInfo|Win32
		{E5626467-1FB7-4420-A370-518A26B7F367}.Debug|Win32.ActiveCfg = Debug|Win32
		{E5626467-1FB7-4420-A370-518A26B7F367}.Debug|Win32.Build.0 = Debug|Win32
		{E5626467-1FB7-4420-A370-518A26B7F367}.Release|Win32.ActiveCfg = Release|Win32
		{E5626467-1FB7-4420-A370-518A26B7F367}.Release|Win32.Build.0 = Release|Win32
		{E5626467-1FB7-4420-A370-518A26B7F367}.MinSizeRel|Win32.ActiveCfg = MinSizeRel|Win32
		{E5626467-1FB7-4420-A370-518A26B7F367}.MinSizeRel|Win32.Build.0 = MinSizeRel|Win32
		{E5626467-1FB7-4420-A370-518A26B7F367}.RelWithDebInfo|Win32.ActiveCfg = RelWithDebInfo|Win32
		{E5626467-1FB7-4420-A370-518A26B7F367}.RelWithDebInfo|Win32.Build.0 = RelWithDebInfo|Win32
		{52C9A3FD-BBE3-4469-8F2A-1ADBD0575197}.Debug|Win32.ActiveCfg = Debug|Win32
		{52C9A3FD-BBE3-4469-8F2A-1ADBD0575197}.Debug|Win32.Build.0 = Debug|Win32
		{52C9A3FD-BBE3-4469-8F2A-1ADBD0575197}.Release|Win32.ActiveCfg = Release|Win32
		{52C9A3FD-BBE3-4469-8F2A-1ADBD0575197}.Release|Win32.Build.0 = Release|Win32
		{52C9A3FD-BBE3-4469-8F2A-1ADBD0575197}.MinSizeRel|Win32.ActiveCfg = MinSizeRel|Win32
		{52C9A3FD-BBE3-4469-8F2A-1ADBD0575197}.MinSizeRel|Win32.Build.0 = MinSizeRel|Win32
		{52C9A3FD-BBE3-4469-8F2A-1ADBD0575197}.RelWithDebInfo|Win32.ActiveCfg = RelWithDebInfo|Win32
		{52C9A3FD-BBE3-4469-8F2A-1ADBD0575197}.RelWithDebInfo|Win32.Build.0 = RelWithDebInfo|Win32
		{BFC2100D-DE0D-49AB-8FF3-EFA7419D6DD9}.Debug|Win32.ActiveCfg = Debug|Win32
		{BFC2100D-DE0D-49AB-8FF3-EFA7419D6DD9}.Debug|Win32.Build.0 = Debug|Win32
		{BFC2100D-DE0D-49AB-8FF3-EFA7419D6DD9}.Release|Win32.ActiveCfg = Release|Win32
		{BFC2100D-DE0D-49AB-8FF3-EFA7419D6DD9}.Release|Win32.Build.0 = Release|Win32
		{BFC2100D-DE0D-49AB-8FF3-EFA7419D6DD9}.MinSizeRel|Win32.ActiveCfg = MinSizeRel|Win32
		{BFC2100D-DE0D-49AB-8FF3-EFA7419D6DD9}.MinSizeRel|Win32.Build.0 = MinSizeRel|Win32
		{BFC2100D-DE0D-49AB-8FF3-EFA7419D6DD9}.RelWithDebInfo|Win32.ActiveCfg = RelWithDebInfo|Win32
		{BFC2100D-DE0D-49AB-8FF3-EFA7419D6DD9}.RelWithDebInfo|Win32.Build.0 = RelWithDebInfo|Win32
		{2FF7081D-224D-4A3A-8DDF-EB8D33611CA1}.Debug|Win32.ActiveCfg = Debug|Win32
		{2FF7081D-224D-4A3A-8DDF-EB8D33611CA1}.Debug|Win32.Build.0 = Debug|Win32
		{2FF7081D-224D-4A3A-8DDF-EB8D33611CA1}.Release|Win32.ActiveCfg = Release|Win32
		{2FF7081D-224D-4A3A-8DDF-EB8D33611CA1}.Release|Win32.Build.0 = Release|Win32
		{2FF7081D-224D-4A3A-8DDF-EB8D33611CA1}.MinSizeRel|Win32.ActiveCfg = MinSizeRel|Win32
		{2FF7081D-224D-4A3A-8DDF-EB8D33611CA1}.MinSizeRel|Win32.Build.0 = MinSizeRel|Win32
		{2FF7081D-224D-4A3A-8DDF-EB8D33611CA1}.RelWithDebInfo|Win32.ActiveCfg = RelWithDebInfo|Win32
		{2FF7081D-224D-4A3A-8DDF-EB8D33611CA1}.RelWithDebInfo|Win32.Build.0 = RelWithDebInfo|Win32
		{62A13E30-F152-4194-A212-E9EE8F266BD6}.Debug|Win32.ActiveCfg = Debug|Win32
		{62A13E30-F152-4194-A212-E9EE8F266BD6}.Debug|Win32.Build.0 = Debug|Win32
		{62A13E30-F152-4194-A212-E9EE8F266BD6}.Release|Win32.ActiveCfg = Release|Win32
		{62A13E30-F152-4194-A212-E9EE8F266BD6}.Release|Win32.Build.0 = Release|Win32
		{62A13E30-F152-4194-A212-E9EE8F266BD6}.MinSizeRel|Win32.ActiveCfg = MinSizeRel|Win32
		{62A13E30-F152-4194-A212-E9EE8F266BD6}.MinSizeRel|Win32.Build.0 = MinSizeRel|Win32
		{62A13E30-F152-4194-A212-E9EE8F266BD6}.RelWithDebInfo|Win32.ActiveCfg = RelWithDebInfo|Win32
		{62A13E30-F152-4194-A212-E9EE8F266BD6}.RelWithDebInfo|Win32.Build.0 = RelWithDebInfo|Win32
		{B0F981B0-012C-4C9E-A6C5-CDA77845CD4B}.Debug|Win32.ActiveCfg = Debug|Win32
		{B0F981B0-012C-4C9E-A6C5-CDA77845CD4B}.Debug|Win32.Build.0 = Debug|Win32
		{B0F981B0-012C-4C9E-A6C5-CDA77845CD4B}.Release|Win32.ActiveCfg = Release|Win32
		{B0F981B0-012C-4C9E-A6C5-CDA77845CD4B}.Release|Win32.Build.0 = Release|Win32
		{B0F981B0-012C-4C9E-A6C5-CDA77845CD4B}.MinSizeRel|Win32.ActiveCfg = MinSizeRel|Win32
		{B0F981B0-012C-4C9E-A6C5-CDA77845CD4B}.MinSizeRel|Win32.Build.0 = MinSizeRel|Win32
		{B0F981B0-012C-4C9E-A6C5-CDA77845CD4B}.RelWithDebInfo|Win32.ActiveCfg = RelWithDebInfo|Win32
		{B0F981B0-012C-4C9E-A6C5-CDA77845CD4B}.RelWithDebInfo|Win32.Build.0 = RelWithDebInfo|Win32
		{74EFB733-9FC0-48C8-AB96-FBA3D9287FF1}.Debug|Win32.ActiveCfg = Debug|Win32
		{74EFB733-9FC0-48C8-AB96-FBA3D9287FF1}.Debug|Win32.Build.0 = Debug|Win32
		{74EFB733-9FC0-48C8-AB96-FBA3D9287FF1}.Release|Win32.ActiveCfg = Release|Win32
		{74EFB733-9FC0-48C8-AB96-FBA3D9287FF1}.Release|Win32.Build.0 = Release|Win32
		{74EFB733-9FC0-48C8-AB96-FBA3D9287FF1}.MinSizeRel|Win32.ActiveCfg = MinSizeRel|Win32
		{74EFB733-9FC0-48C8-AB96-FBA3D9287FF1}.MinSizeRel|Win32.Build.0 = MinSizeRel|Win32
		{74EFB733-9FC0-48C8-AB96-FBA3D9287FF1}.RelWithDebInfo|Win32.ActiveCfg = RelWithDebInfo|Win32
		{74EFB733-9FC0-48C8-AB96-FBA3D9287FF1}.RelWithDebInfo|Win32.Build.0 = RelWithDebInfo|Win32
		{9E61E167-9289-4B0E-8ACF-E0F6219B0C42}.Debug|Win32.ActiveCfg = Debug|Win32
		{9E61E167-9289-4B0E-8ACF-E0F6219B0C42}.Debug|Win32.Build.0 = Debug|Win32
		{9E61E167-9289-4B0E-8ACF-E0F6219B0C42}.Release|Win32.ActiveCfg = Release|Win32
		{9E61E167-9289-4B0E-8ACF-E0F6219B0C42}.Release|Win32.Build.0 = Release|Win32
		{9E61E167-9289-4B0E-8ACF-E0F6219B0C42}.MinSizeRel|Win32.ActiveCfg = MinSizeRel|Win32
		{9E61E167-9289-4B0E-8ACF-E0F6219B0C42}.MinSizeRel|Win32.Build.0 = MinSizeRel|Win32
		{9E61E167-9289-4B0E-8ACF-E0F6219B0C42}.RelWithDebInfo|Win32.ActiveCfg = RelWithDebInfo|Win32
		{9E61E167-9289-4B0E-8ACF-E0F6219B0C42}.RelWithDebInfo|Win32.Build.0 = RelWithDebInfo|Win32
		{97BECD18-188F-4EC5-8444-94378EEE003F}.Debug|Win32.ActiveCfg = Debug|Win32
		{97BECD18-188F-4EC5-8444-94378EEE003F}.Debug|Win32.Build.0 = Debug|Win32
		{97BECD18-188F-4EC5-8444-94378EEE003F}.Release|Win32.ActiveCfg = Release|Win32
		{97BECD18-188F-4EC5-8444-94378EEE003F}.Release|Win32.Build.0 = Release|Win32
		{97BECD18-188F-4EC5-8444-94378EEE003F}.MinSizeRel|Win32.ActiveCfg = MinSizeRel|Win32
		{97BECD18-188F-4EC5-8444-94378EEE003F}.MinSizeRel|Win32.Build.0 = MinSizeRel|Win32
		{97BECD18-188F-4EC5-8444-94378EEE003F}.RelWithDebInfo|Win32.ActiveCfg = RelWithDebInfo|Win32
		{97BECD18-188F-4EC5-8444-94378EEE003F}.RelWithDebInfo|Win32.Build.0 = RelWithDebInfo|Win32
		{B95D7B8E-2100-46F8-B864-9E19E0FB4AF6}.Debug|Win32.ActiveCfg = Debug|Win32
		{B95D7B8E-2100-46F8-B864-9E19E0FB4AF6}.Debug|Win32.Build.0 = Debug|Win32
		{B95D7B8E-2100-46F8-B864-9E19E0FB4AF6}.Release|Win32.ActiveCfg = Release|Win32
		{B95D7B8E-2100-46F8-B864-9E19E0FB4AF6}.Release|Win32.Build.0 = Release|Win32
		{B95D7B8E-2100-46F8-B864-9E19E0FB4AF6}.MinSizeRel|Win32.ActiveCfg = MinSizeRel|Win32
		{B95D7B8E-2100-46F8-B864-9E19E0FB4AF6}.MinSizeRel|Win32.Build.0 = MinSizeRel|Win32
		{B95D7B8E-2100-46F8-B864-9E19E0FB4AF6}.RelWithDebInfo|Win32.ActiveCfg = RelWithDebInfo|Win32
		{B95D7B8E-2100-46F8-B864-9E19E0FB4AF6}.RelWithDebInfo|Win32.Build.0 = RelWithDebInfo|Win32
		{FEB9D665-7450-4D0D-8BB8-22302D3142C6}.Debug|Win32.ActiveCfg = Debug|Win32
		{FEB9D665-7450-4D0D-8BB8-22302D3142C6}.Debug|Win32.Build.0 = Debug|Win32
		{FEB9D665-7450-4D0D-8BB8-22302D3142C6}.Release|Win32.ActiveCfg = Release|Win32
		{FEB9D665-7450-4D0D-8BB8-22302D3142C6}.Release|Win32.Build.0 = Release|Win32
		{FEB9D665-7450-4D0D-8BB8-22302D3142C6}.MinSizeRel|Win32.ActiveCfg = MinSizeRel|Win32
		{FEB9D665-7450-4D0D-8BB8-22302D3142C6}.MinSizeRel|Win32.Build.0 = MinSizeRel|Win32
		{FEB9D665-7450-4D0D-8BB8-22302D3142C6}.RelWithDebInfo|Win32.ActiveCfg = RelWithDebInfo|Win32
		{FEB9D665-7450-4D0D-8BB8-22302D3142C6}.RelWithDebInfo|Win32.Build.0 = RelWithDebInfo|Win32
		{92C7C388-4B2E-4DEC-817E-BEA9D2F8CC01}.Debug|Win32.ActiveCfg = Debug|Win32
		{92C7C388-4B2E-4DEC-817E-BEA9D2F8CC01}.Debug|Win32.Build.0 = Debug|Win32
		{92C7C388-4B2E-4DEC-817E-BEA9D2F8CC01}.Release|Win32.ActiveCfg = Release|Win32
		{92C7C388-4B2E-4DEC-817E-BEA9D2F8CC01}.Release|Win32.Build.0 = Release|Win32
		{92C7C388-4B2E-4DEC-817E-BEA9D2F8CC01}.MinSizeRel|Win32.ActiveCfg = MinSizeRel|Win32
		{92C7C388-4B2E-4DEC-817E-BEA9D2F8CC01}.MinSizeRel|Win32.Build.0 = MinSizeRel|Win32
		{92C7C388-4B2E-4DEC-817E-BEA9D2F8CC01}.RelWithDebInfo|Win32.ActiveCfg = RelWithDebInfo|Win32
		{92C7C388-4B2E-4DEC-817E-BEA9D2F8CC01}.RelWithDebInfo|Win32.Build.0 = RelWithDebInfo|Win32
		{0F83077C-FDF2-4B58-8EA7-CDCD3B8390AE}.Debug|Win32.ActiveCfg = Debug|Win32
		{0F83077C-FDF2-4B58-8EA7-CDCD3B8390AE}.Debug|Win32.Build.0 = Debug|Win32
		{0F83077C-FDF2-4B58-8EA7-CDCD3B8390AE}.Release|Win32.ActiveCfg = Release|Win32
		{0F83077C-FDF2-4B58-8EA7-CDCD3B8390AE}.Release|Win32.Build.0 = Release|Win32
		{0F83077C-FDF2-4B58-8EA7-CDCD3B8390AE}.MinSizeRel|Win32.ActiveCfg = MinSizeRel|Win32
		{0F83077C-FDF2-4B58-8EA7-CDCD3B8390AE}.MinSizeRel|Win32.Build.0 = MinSizeRel|Win32
		{0F83077C-FDF2-4B58-8EA7-CDCD3B8390AE}.RelWithDebInfo|Win32.ActiveCfg = RelWithDebInfo|Win32
		{0F83077C-FDF2-4B58-8EA7-CDCD3B8390AE}.RelWithDebInfo|Win32.Build.0 = RelWithDebInfo|Win32
		{CBD74DE2-9DD3-49BA-B3AF-2B4F8EC14B55}.Debug|Win32.ActiveCfg = Debug|Win32
		{CBD74DE2-9DD3-49BA-B3AF-2B4F8EC14B55}.Debug|Win32.Build.0 = Debug|Win32
		{CBD74DE2-9DD3-49BA-B3AF-2B4F8EC14B55}.Release|Win32.ActiveCfg = Release|Win32
		{CBD74DE2-9DD3-49BA-B3AF-2B4F8EC14B55}.Release|Win32.Build.0 = Release|Win32
		{CBD74DE2-9DD3-49BA-B3AF-2B4F8EC14B55}.MinSizeRel|Win32.ActiveCfg = MinSizeRel|Win32
		{CBD74DE2-9DD3-49BA-B3AF-2B4F8EC14B55}.MinSizeRel|Win32.Build.0 = MinSizeRel|Win32
		{CBD74DE2-9DD3-49BA-B3AF-2B4F8EC14B55}.RelWithDebInfo|Win32.ActiveCfg = RelWithDebInfo|Win32
		{CBD74DE2-9DD3-49BA-B3AF-2B4F8EC14B55}.RelWithDebInfo|Win32.Build.0 = RelWithDebInfo|Win32
		{6EE61EAE-FD3F-4427-AA64-9C311477675B}.Debug|Win32.ActiveCfg = Debug|Win32
		{6EE61EAE-FD3F-4427-AA64-9C311477675B}.Debug|Win32.Build.0 = Debug|Win32
		{6EE61EAE-FD3F-4427-AA64-9C311477675B}.Release|Win32.ActiveCfg = Release|Win32
		{6EE61EAE-FD3F-4427-AA64-9C311477675B}.Release|Win32.Build.0 = Release|Win32
		{6EE61EAE-FD3F-4427-AA64-9C311477675B}.MinSizeRel|Win32.ActiveCfg = MinSizeRel|Win32
		{6EE61EAE-FD3F-4427-AA64-9C311477675B}.MinSizeRel|Win32.Build.0 = MinSizeRel|Win32
		{6EE61EAE-FD3F-4427-AA64-9C311477675B}.RelWithDebInfo|Win32.ActiveCfg = RelWithDebInfo|Win32
		{6EE61EAE-FD3F-4427-AA64-9C311477675B}.RelWithDebInfo|Win32.Build.0 = RelWithDebInfo|Win32
		{8BD88D27-2419-40A1-97BB-65D7069CC11A}.Debug|Win32.ActiveCfg = Debug|Win32
		{8BD88D27-2419-40A1-97BB-65D7069CC11A}.Debug|Win32.Build.0 = Debug|Win32
		{8BD88D27-2419-40A1-97BB-65D7069CC11A}.Release|Win32.ActiveCfg = Release|Win32
		{8BD88D27-2419-40A1-97BB-65D7069CC11A}.Release|Win32.Build.0 = Release|Win32
		{8BD88D27-2419-40A1-97BB-65D7069CC11A}.MinSizeRel|Win32.ActiveCfg = MinSizeRel|Win32
		{8BD88D27-2419-40A1-97BB-65D7069CC11A}.MinSizeRel|Win32.Build.0 = MinSizeRel|Win32
		{8BD88D27-2419-40A1-97BB-65D7069CC11A}.RelWithDebInfo|Win32.ActiveCfg = RelWithDebInfo|Win32
		{8BD88D27-2419-40A1-97BB-65D7069CC11A}.RelWithDebInfo|Win32.Build.0 = RelWithDebInfo|Win32
		{B3E4B5E8-931E-423F-8EBC-A57A91FBFF27}.Debug|Win32.ActiveCfg = Debug|Win32
		{B3E4B5E8-931E-423F-8EBC-A57A91FBFF27}.Debug|Win32.Build.0 = Debug|Win32
		{B3E4B5E8-931E-423F-8EBC-A57A91FBFF27}.Release|Win32.ActiveCfg = Release|Win32
		{B3E4B5E8-931E-423F-8EBC-A57A91FBFF27}.Release|Win32.Build.0 = Release|Win32
		{B3E4B5E8-931E-423F-8EBC-A57A91FBFF27}.MinSizeRel|Win32.ActiveCfg = MinSizeRel|Win32
		{B3E4B5E8-931E-423F-8EBC-A57A91FBFF27}.MinSizeRel|Win32.Build.0 = MinSizeRel|Win32
		{B3E4B5E8-931E-423F-8EBC-A57A91FBFF27}.RelWithDebInfo|Win32.ActiveCfg = RelWithDebInfo|Win32
		{B3E4B5E8-931E-423F-8EBC-A57A91FBFF27}.RelWithDebInfo|Win32.Build.0 = RelWithDebInfo|Win32
		{87D54923-7013-4FF1-973F-111EA340F524}.Debug|Win32.ActiveCfg = Debug|Win32
		{87D54923-7013-4FF1-973F-111EA340F524}.Debug|Win32.Build.0 = Debug|Win32
		{87D54923-7013-4FF1-973F-111EA340F524}.Release|Win32.ActiveCfg = Release|Win32
		{87D54923-7013-4FF1-973F-111EA340F524}.Release|Win32.Build.0 = Release|Win32
		{87D54923-7013-4FF1-973F-111EA340F524}.MinSizeRel|Win32.ActiveCfg = MinSizeRel|Win32
		{87D54923-7013-4FF1-973F-111EA340F524}.MinSizeRel|Win32.Build.0 = MinSizeRel|Win32
		{87D54923-7013-4FF1-973F-111EA340F524}.RelWithDebInfo|Win32.ActiveCfg = RelWithDebInfo|Win32
		{87D54923-7013-4FF1-973F-111EA340F524}.RelWithDebInfo|Win32.Build.0 = RelWithDebInfo|Win32
		{4FF31E39-B588-46F1-9C60-4CED466707E0}.Debug|Win32.ActiveCfg = Debug|Win32
		{4FF31E39-B588-46F1-9C60-4CED466707E0}.Debug|Win32.Build.0 = Debug|Win32
		{4FF31E39-B588-46F1-9C60-4CED466707E0}.Release|Win32.ActiveCfg = Release|Win32
		{4FF31E39-B588-46F1-9C60-4CED466707E0}.Release|Win32.Build.0 = Release|Win32
		{4FF31E39-B588-46F1-9C60-4CED466707E0}.MinSizeRel|Win32.ActiveCfg = MinSizeRel|Win32
		{4FF31E39-B588-46F1-9C60-4CED466707E0}.MinSizeRel|Win32.Build.0 = MinSizeRel|Win32
		{4FF31E39-B588-46F1-9C60-4CED466707E0}.RelWithDebInfo|Win32.ActiveCfg = RelWithDebInfo|Win32
		{4FF31E39-B588-46F1-9C60-4CED466707E0}.RelWithDebInfo|Win32.Build.0 = RelWithDebInfo|Win32
		{1BE2078D-3DFE-41E4-B61A-AFC864735602}.Debug|Win32.ActiveCfg = Debug|Win32
		{1BE2078D-3DFE-41E4-B61A-AFC864735602}.Debug|Win32.Build.0 = Debug|Win32
		{1BE2078D-3DFE-41E4-B61A-AFC864735602}.Release|Win32.ActiveCfg = Release|Win32
		{1BE2078D-3DFE-41E4-B61A-AFC864735602}.Release|Win32.Build.0 = Release|Win32
		{1BE2078D-3DFE-41E4-B61A-AFC864735602}.MinSizeRel|Win32.ActiveCfg = MinSizeRel|Win32
		{1BE2078D-3DFE-41E4-B61A-AFC864735602}.MinSizeRel|Win32.Build.0 = MinSizeRel|Win32
		{1BE2078D-3DFE-41E4-B61A-AFC864735602}.RelWithDebInfo|Win32.ActiveCfg = RelWithDebInfo|Win32
		{1BE2078D-3DFE-41E4-B61A-AFC864735602}.RelWithDebInfo|Win32.Build.0 = RelWithDebInfo|Win32
		{B2E34BB8-CB68-4235-8C86-2287C6BD3DCE}.Debug|Win32.ActiveCfg = Debug|Win32
		{B2E34BB8-CB68-4235-8C86-2287C6BD3DCE}.Debug|Win32.Build.0 = Debug|Win32
		{B2E34BB8-CB68-4235-8C86-2287C6BD3DCE}.Release|Win32.ActiveCfg = Release|Win32
		{B2E34BB8-CB68-4235-8C86-2287C6BD3DCE}.Release|Win32.Build.0 = Release|Win32
		{B2E34BB8-CB68-4235-8C86-2287C6BD3DCE}.MinSizeRel|Win32.ActiveCfg = MinSizeRel|Win32
		{B2E34BB8-CB68-4235-8C86-2287C6BD3DCE}.MinSizeRel|Win32.Build.0 = MinSizeRel|Win32
		{B2E34BB8-CB68-4235-8C86-2287C6BD3DCE}.RelWithDebInfo|Win32.ActiveCfg = RelWithDebInfo|Win32
		{B2E34BB8-CB68-4235-8C86-2287C6BD3DCE}.RelWithDebInfo|Win32.Build.0 = RelWithDebInfo|Win32
		{5C81EB4D-9027-421F-974F-74316FF15BB6}.Debug|Win32.ActiveCfg = Debug|Win32
		{5C81EB4D-9027-421F-974F-74316FF15BB6}.Debug|Win32.Build.0 = Debug|Win32
		{5C81EB4D-9027-421F-974F-74316FF15BB6}.Release|Win32.ActiveCfg = Release|Win32
		{5C81EB4D-9027-421F-974F-74316FF15BB6}.Release|Win32.Build.0 = Release|Win32
		{5C81EB4D-9027-421F-974F-74316FF15BB6}.MinSizeRel|Win32.ActiveCfg = MinSizeRel|Win32
		{5C81EB4D-9027-421F-974F-74316FF15BB6}.MinSizeRel|Win32.Build.0 = MinSizeRel|Win32
		{5C81EB4D-9027-421F-974F-74316FF15BB6}.RelWithDebInfo|Win32.ActiveCfg = RelWithDebInfo|Win32
		{5C81EB4D-9027-421F-974F-74316FF15BB6}.RelWithDebInfo|Win32.Build.0 = RelWithDebInfo|Win32
		{EBDE5595-60FA-4594-833A-6E952547822D}.Debug|Win32.ActiveCfg = Debug|Win32
		{EBDE5595-60FA-4594-833A-6E952547822D}.Debug|Win32.Build.0 = Debug|Win32
		{EBDE5595-60FA-4594-833A-6E952547822D}.Release|Win32.ActiveCfg = Release|Win32
		{EBDE5595-60FA-4594-833A-6E952547822D}.Release|Win32.Build.0 = Release|Win32
		{EBDE5595-60FA-4594-833A-6E952547822D}.MinSizeRel|Win32.ActiveCfg = MinSizeRel|Win32
		{EBDE5595-60FA-4594-833A-6E952547822D}.MinSizeRel|Win32.Build.0 = MinSizeRel|Win32
		{EBDE5595-60FA-4594-833A-6E952547822D}.RelWithDebInfo|Win32.ActiveCfg = RelWithDebInfo|Win32
		{EBDE5595-60FA-4594-833A-6E952547822D}.RelWithDebInfo|Win32.Build.0 = RelWithDebInfo|Win32
		{E283FB29-BB4B-4064-874E-E6D85E2FBB65}.Debug|Win32.ActiveCfg = Debug|Win32
		{E283FB29-BB4B-4064-874E-E6D85E2FBB65}.Debug|Win32.Build.0 = Debug|Win32
		{E283FB29-BB4B-4064-874E-E6D85E2FBB65}.Release|Win32.ActiveCfg = Release|Win32
		{E283FB29-BB4B-4064-874E-E6D85E2FBB65}.Release|Win32.Build.0 = Release|Win32
		{E283FB29-BB4B-4064-874E-E6D85E2FBB65}.MinSizeRel|Win32.ActiveCfg = MinSizeRel|Win32
		{E283FB29-BB4B-4064-874E-E6D85E2FBB65}.MinSizeRel|Win32.Build.0 = MinSizeRel|Win32
		{E283FB29-BB4B-4064-874E-E6D85E2FBB65}.RelWithDebInfo|Win32.ActiveCfg = RelWithDebInfo|Win32
		{E283FB29-BB4B-4064-874E-E6D85E2FBB65}.RelWithDebInfo|Win32.Build.0 = RelWithDebInfo|Win32
		{AC92B8FA-C1E7-4229-BD48-D03D10212EDF}.Debug|Win32.ActiveCfg = Debug|Win32
		{AC92B8FA-C1E7-4229-BD48-D03D10212EDF}.Debug|Win32.Build.0 = Debug|Win32
		{AC92B8FA-C1E7-4229-BD48-D03D10212EDF}.Release|Win32.ActiveCfg = Release|Win32
		{AC92B8FA-C1E7-4229-BD48-D03D10212EDF}.Release|Win32.Build.0 = Release|Win32
		{AC92B8FA-C1E7-4229-BD48-D03D10212EDF}.MinSizeRel|Win32.ActiveCfg = MinSizeRel|Win32
		{AC92B8FA-C1E7-4229-BD48-D03D10212EDF}.MinSizeRel|Win32.Build.0 = MinSizeRel|Win32
		{AC92B8FA-C1E7-4229-BD48-D03D10212EDF}.RelWithDebInfo|Win32.ActiveCfg = RelWithDebInfo|Win32
		{AC92B8FA-C1E7-4229-BD48-D03D10212EDF}.RelWithDebInfo|Win32.Build.0 = RelWithDebInfo|Win32
		{382A7426-E6C3-4065-9394-63A4BE28A2B7}.Debug|Win32.ActiveCfg = Debug|Win32
		{382A7426-E6C3-4065-9394-63A4BE28A2B7}.Debug|Win32.Build.0 = Debug|Win32
		{382A7426-E6C3-4065-9394-63A4BE28A2B7}.Release|Win32.ActiveCfg = Release|Win32
		{382A7426-E6C3-4065-9394-63A4BE28A2B7}.Release|Win32.Build.0 = Release|Win32
		{382A7426-E6C3-4065-9394-63A4BE28A2B7}.MinSizeRel|Win32.ActiveCfg = MinSizeRel|Win32
		{382A7426-E6C3-4065-9394-63A4BE28A2B7}.MinSizeRel|Win32.Build.0 = MinSizeRel|Win32
		{382A7426-E6C3-4065-9394-63A4BE28A2B7}.RelWithDebInfo|Win32.ActiveCfg = RelWithDebInfo|Win32
		{382A7426-E6C3-4065-9394-63A4BE28A2B7}.RelWithDebInfo|Win32.Build.0 = RelWithDebInfo|Win32
		{5F6A2603-5B25-4D52-BF7C-C9A4F3274539}.Debug|Win32.ActiveCfg = Debug|Win32
		{5F6A2603-5B25-4D52-BF7C-C9A4F3274539}.Debug|Win32.Build.0 = Debug|Win32
		{5F6A2603-5B25-4D52-BF7C-C9A4F3274539}.Release|Win32.ActiveCfg = Release|Win32
		{5F6A2603-5B25-4D52-BF7C-C9A4F3274539}.Release|Win32.Build.0 = Release|Win32
		{5F6A2603-5B25-4D52-BF7C-C9A4F3274539}.MinSizeRel|Win32.ActiveCfg = MinSizeRel|Win32
		{5F6A2603-5B25-4D52-BF7C-C9A4F3274539}.MinSizeRel|Win32.Build.0 = MinSizeRel|Win32
		{5F6A2603-5B25-4D52-BF7C-C9A4F3274539}.RelWithDebInfo|Win32.ActiveCfg = RelWithDebInfo|Win32
		{5F6A2603-5B25-4D52-BF7C-C9A4F3274539}.RelWithDebInfo|Win32.Build.0 = RelWithDebInfo|Win32
		{F3501BCA-F414-4555-9F51-C9069AF6C0F4}.Debug|Win32.ActiveCfg = Debug|Win32
		{F3501BCA-F414-4555-9F51-C9069AF6C0F4}.Debug|Win32.Build.0 = Debug|Win32
		{F3501BCA-F414-4555-9F51-C9069AF6C0F4}.Release|Win32.ActiveCfg = Release|Win32
		{F3501BCA-F414-4555-9F51-C9069AF6C0F4}.Release|Win32.Build.0 = Release|Win32
		{F3501BCA-F414-4555-9F51-C9069AF6C0F4}.MinSizeRel|Win32.ActiveCfg = MinSizeRel|Win32
		{F3501BCA-F414-4555-9F51-C9069AF6C0F4}.MinSizeRel|Win32.Build.0 = MinSizeRel|Win32
		{F3501BCA-F414-4555-9F51-C9069AF6C0F4}.RelWithDebInfo|Win32.ActiveCfg = RelWithDebInfo|Win32
		{F3501BCA-F414-4555-9F51-C9069AF6C0F4}.RelWithDebInfo|Win32.Build.0 = RelWithDebInfo|Win32
		{C89535A3-955D-4599-A7D9-B1B64C2A1B97}.Debug|Win32.ActiveCfg = Debug|Win32
		{C89535A3-955D-4599-A7D9-B1B64C2A1B97}.Debug|Win32.Build.0 = Debug|Win32
		{C89535A3-955D-4599-A7D9-B1B64C2A1B97}.Release|Win32.ActiveCfg = Release|Win32
		{C89535A3-955D-4599-A7D9-B1B64C2A1B97}.Release|Win32.Build.0 = Release|Win32
		{C89535A3-955D-4599-A7D9-B1B64C2A1B97}.MinSizeRel|Win32.ActiveCfg = MinSizeRel|Win32
		{C89535A3-955D-4599-A7D9-B1B64C2A1B97}.MinSizeRel|Win32.Build.0 = MinSizeRel|Win32
		{C89535A3-955D-4599-A7D9-B1B64C2A1B97}.RelWithDebInfo|Win32.ActiveCfg = RelWithDebInfo|Win32
		{C89535A3-955D-4599-A7D9-B1B64C2A1B97}.RelWithDebInfo|Win32.Build.0 = RelWithDebInfo|Win32
		{A65430BC-A1D5-4E01-8CF1-DE14769A742B}.Debug|Win32.ActiveCfg = Debug|Win32
		{A65430BC-A1D5-4E01-8CF1-DE14769A742B}.Debug|Win32.Build.0 = Debug|Win32
		{A65430BC-A1D5-4E01-8CF1-DE14769A742B}.Release|Win32.ActiveCfg = Release|Win32
		{A65430BC-A1D5-4E01-8CF1-DE14769A742B}.Release|Win32.Build.0 = Release|Win32
		{A65430BC-A1D5-4E01-8CF1-DE14769A742B}.MinSizeRel|Win32.ActiveCfg = MinSizeRel|Win32
		{A65430BC-A1D5-4E01-8CF1-DE14769A742B}.MinSizeRel|Win32.Build.0 = MinSizeRel|Win32
		{A65430BC-A1D5-4E01-8CF1-DE14769A742B}.RelWithDebInfo|Win32.ActiveCfg = RelWithDebInfo|Win32
		{A65430BC-A1D5-4E01-8CF1-DE14769A742B}.RelWithDebInfo|Win32.Build.0 = RelWithDebInfo|Win32
		{1744A9A1-7AFA-4334-8CE1-47A5FA0B8069}.Debug|Win32.ActiveCfg = Debug|Win32
		{1744A9A1-7AFA-4334-8CE1-47A5FA0B8069}.Debug|Win32.Build.0 = Debug|Win32
		{1744A9A1-7AFA-4334-8CE1-47A5FA0B8069}.Release|Win32.ActiveCfg = Release|Win32
		{1744A9A1-7AFA-4334-8CE1-47A5FA0B8069}.Release|Win32.Build.0 = Release|Win32
		{1744A9A1-7AFA-4334-8CE1-47A5FA0B8069}.MinSizeRel|Win32.ActiveCfg = MinSizeRel|Win32
		{1744A9A1-7AFA-4334-8CE1-47A5FA0B8069}.MinSizeRel|Win32.Build.0 = MinSizeRel|Win32
		{1744A9A1-7AFA-4334-8CE1-47A5FA0B8069}.RelWithDebInfo|Win32.ActiveCfg = RelWithDebInfo|Win32
		{1744A9A1-7AFA-4334-8CE1-47A5FA0B8069}.RelWithDebInfo|Win32.Build.0 = RelWithDebInfo|Win32
		{0A64BFB4-2D4E-44D9-9198-DA362C8317C8}.Debug|Win32.ActiveCfg = Debug|Win32
		{0A64BFB4-2D4E-44D9-9198-DA362C8317C8}.Debug|Win32.Build.0 = Debug|Win32
		{0A64BFB4-2D4E-44D9-9198-DA362C8317C8}.Release|Win32.ActiveCfg = Release|Win32
		{0A64BFB4-2D4E-44D9-9198-DA362C8317C8}.Release|Win32.Build.0 = Release|Win32
		{0A64BFB4-2D4E-44D9-9198-DA362C8317C8}.MinSizeRel|Win32.ActiveCfg = MinSizeRel|Win32
		{0A64BFB4-2D4E-44D9-9198-DA362C8317C8}.MinSizeRel|Win32.Build.0 = MinSizeRel|Win32
		{0A64BFB4-2D4E-44D9-9198-DA362C8317C8}.RelWithDebInfo|Win32.ActiveCfg = RelWithDebInfo|Win32
		{0A64BFB4-2D4E-44D9-9198-DA362C8317C8}.RelWithDebInfo|Win32.Build.0 = RelWithDebInfo|Win32
		{30872565-3CC7-4EAF-BC43-DAC67CA9D159}.Debug|Win32.ActiveCfg = Debug|Win32
		{30872565-3CC7-4EAF-BC43-DAC67CA9D159}.Debug|Win32.Build.0 = Debug|Win32
		{30872565-3CC7-4EAF-BC43-DAC67CA9D159}.Release|Win32.ActiveCfg = Release|Win32
		{30872565-3CC7-4EAF-BC43-DAC67CA9D159}.Release|Win32.Build.0 = Release|Win32
		{30872565-3CC7-4EAF-BC43-DAC67CA9D159}.MinSizeRel|Win32.ActiveCfg = MinSizeRel|Win32
		{30872565-3CC7-4EAF-BC43-DAC67CA9D159}.MinSizeRel|Win32.Build.0 = MinSizeRel|Win32
		{30872565-3CC7-4EAF-BC43-DAC67CA9D159}.RelWithDebInfo|Win32.ActiveCfg = RelWithDebInfo|Win32
		{30872565-3CC7-4EAF-BC43-DAC67CA9D159}.RelWithDebInfo|Win32.Build.0 = RelWithDebInfo|Win32
		{A45093F8-617D-4B4A-A1FA-9073C42EC5E0}.Debug|Win32.ActiveCfg = Debug|Win32
		{A45093F8-617D-4B4A-A1FA-9073C42EC5E0}.Debug|Win32.Build.0 = Debug|Win32
		{A45093F8-617D-4B4A-A1FA-9073C42EC5E0}.Release|Win32.ActiveCfg = Release|Win32
		{A45093F8-617D-4B4A-A1FA-9073C42EC5E0}.Release|Win32.Build.0 = Release|Win32
		{A45093F8-617D-4B4A-A1FA-9073C42EC5E0}.MinSizeRel|Win32.ActiveCfg = MinSizeRel|Win32
		{A45093F8-617D-4B4A-A1FA-9073C42EC5E0}.MinSizeRel|Win32.Build.0 = MinSizeRel|Win32
		{A45093F8-617D-4B4A-A1FA-9073C42EC5E0}.RelWithDebInfo|Win32.ActiveCfg = RelWithDebInfo|Win32
		{A45093F8-617D-4B4A-A1FA-9073C42EC5E0}.RelWithDebInfo|Win32.Build.0 = RelWithDebInfo|Win32
		{28D7D1D0-6447-45DB-81A1-04828066D91E}.Debug|Win32.ActiveCfg = Debug|Win32
		{28D7D1D0-6447-45DB-81A1-04828066D91E}.Debug|Win32.Build.0 = Debug|Win32
		{28D7D1D0-6447-45DB-81A1-04828066D91E}.Release|Win32.ActiveCfg = Release|Win32
		{28D7D1D0-6447-45DB-81A1-04828066D91E}.Release|Win32.Build.0 = Release|Win32
		{28D7D1D0-6447-45DB-81A1-04828066D91E}.MinSizeRel|Win32.ActiveCfg = MinSizeRel|Win32
		{28D7D1D0-6447-45DB-81A1-04828066D91E}.MinSizeRel|Win32.Build.0 = MinSizeRel|Win32
		{28D7D1D0-6447-45DB-81A1-04828066D91E}.RelWithDebInfo|Win32.ActiveCfg = RelWithDebInfo|Win32
		{28D7D1D0-6447-45DB-81A1-04828066D91E}.RelWithDebInfo|Win32.Build.0 = RelWithDebInfo|Win32
		{8078E7E4-B953-42D2-9D15-38200FFB834A}.Debug|Win32.ActiveCfg = Debug|Win32
		{8078E7E4-B953-42D2-9D15-38200FFB834A}.Debug|Win32.Build.0 = Debug|Win32
		{8078E7E4-B953-42D2-9D15-38200FFB834A}.Release|Win32.ActiveCfg = Release|Win32
		{8078E7E4-B953-42D2-9D15-38200FFB834A}.Release|Win32.Build.0 = Release|Win32
		{8078E7E4-B953-42D2-9D15-38200FFB834A}.MinSizeRel|Win32.ActiveCfg = MinSizeRel|Win32
		{8078E7E4-B953-42D2-9D15-38200FFB834A}.MinSizeRel|Win32.Build.0 = MinSizeRel|Win32
		{8078E7E4-B953-42D2-9D15-38200FFB834A}.RelWithDebInfo|Win32.ActiveCfg = RelWithDebInfo|Win32
		{8078E7E4-B953-42D2-9D15-38200FFB834A}.RelWithDebInfo|Win32.Build.0 = RelWithDebInfo|Win32
		{4CB5221C-C08A-4BA2-952D-EB7DC70C9BB2}.Debug|Win32.ActiveCfg = Debug|Win32
		{4CB5221C-C08A-4BA2-952D-EB7DC70C9BB2}.Debug|Win32.Build.0 = Debug|Win32
		{4CB5221C-C08A-4BA2-952D-EB7DC70C9BB2}.Release|Win32.ActiveCfg = Release|Win32
		{4CB5221C-C08A-4BA2-952D-EB7DC70C9BB2}.Release|Win32.Build.0 = Release|Win32
		{4CB5221C-C08A-4BA2-952D-EB7DC70C9BB2}.MinSizeRel|Win32.ActiveCfg = MinSizeRel|Win32
		{4CB5221C-C08A-4BA2-952D-EB7DC70C9BB2}.MinSizeRel|Win32.Build.0 = MinSizeRel|Win32
		{4CB5221C-C08A-4BA2-952D-EB7DC70C9BB2}.RelWithDebInfo|Win32.ActiveCfg = RelWithDebInfo|Win32
		{4CB5221C-C08A-4BA2-952D-EB7DC70C9BB2}.RelWithDebInfo|Win32.Build.0 = RelWithDebInfo|Win32
		{7B642A10-290D-4FAC-AABE-8214B5362D4F}.Debug|Win32.ActiveCfg = Debug|Win32
		{7B642A10-290D-4FAC-AABE-8214B5362D4F}.Debug|Win32.Build.0 = Debug|Win32
		{7B642A10-290D-4FAC-AABE-8214B5362D4F}.Release|Win32.ActiveCfg = Release|Win32
		{7B642A10-290D-4FAC-AABE-8214B5362D4F}.Release|Win32.Build.0 = Release|Win32
		{7B642A10-290D-4FAC-AABE-8214B5362D4F}.MinSizeRel|Win32.ActiveCfg = MinSizeRel|Win32
		{7B642A10-290D-4FAC-AABE-8214B5362D4F}.MinSizeRel|Win32.Build.0 = MinSizeRel|Win32
		{7B642A10-290D-4FAC-AABE-8214B5362D4F}.RelWithDebInfo|Win32.ActiveCfg = RelWithDebInfo|Win32
		{7B642A10-290D-4FAC-AABE-8214B5362D4F}.RelWithDebInfo|Win32.Build.0 = RelWithDebInfo|Win32
		{BA1A1F20-5A71-4438-8424-890FE828B6B0}.Debug|Win32.ActiveCfg = Debug|Win32
		{BA1A1F20-5A71-4438-8424-890FE828B6B0}.Debug|Win32.Build.0 = Debug|Win32
		{BA1A1F20-5A71-4438-8424-890FE828B6B0}.Release|Win32.ActiveCfg = Release|Win32
		{BA1A1F20-5A71-4438-8424-890FE828B6B0}.Release|Win32.Build.0 = Release|Win32
		{BA1A1F20-5A71-4438-8424-890FE828B6B0}.MinSizeRel|Win32.ActiveCfg = MinSizeRel|Win32
		{BA1A1F20-5A71-4438-8424-890FE828B6B0}.MinSizeRel|Win32.Build.0 = MinSizeRel|Win32
		{BA1A1F20-5A71-4438-8424-890FE828B6B0}.RelWithDebInfo|Win32.ActiveCfg = RelWithDebInfo|Win32
		{BA1A1F20-5A71-4438-8424-890FE828B6B0}.RelWithDebInfo|Win32.Build.0 = RelWithDebInfo|Win32
		{109A0D92-BAEA-4EAB-B181-7E60F07CCF5A}.Debug|Win32.ActiveCfg = Debug|Win32
		{109A0D92-BAEA-4EAB-B181-7E60F07CCF5A}.Debug|Win32.Build.0 = Debug|Win32
		{109A0D92-BAEA-4EAB-B181-7E60F07CCF5A}.Release|Win32.ActiveCfg = Release|Win32
		{109A0D92-BAEA-4EAB-B181-7E60F07CCF5A}.Release|Win32.Build.0 = Release|Win32
		{109A0D92-BAEA-4EAB-B181-7E60F07CCF5A}.MinSizeRel|Win32.ActiveCfg = MinSizeRel|Win32
		{109A0D92-BAEA-4EAB-B181-7E60F07CCF5A}.MinSizeRel|Win32.Build.0 = MinSizeRel|Win32
		{109A0D92-BAEA-4EAB-B181-7E60F07CCF5A}.RelWithDebInfo|Win32.ActiveCfg = RelWithDebInfo|Win32
		{109A0D92-BAEA-4EAB-B181-7E60F07CCF5A}.RelWithDebInfo|Win32.Build.0 = RelWithDebInfo|Win32
		{3E0D1664-46B3-4C9F-A73F-E4488E4E87FC}.Debug|Win32.ActiveCfg = Debug|Win32
		{3E0D1664-46B3-4C9F-A73F-E4488E4E87FC}.Debug|Win32.Build.0 = Debug|Win32
		{3E0D1664-46B3-4C9F-A73F-E4488E4E87FC}.Release|Win32.ActiveCfg = Release|Win32
		{3E0D1664-46B3-4C9F-A73F-E4488E4E87FC}.Release|Win32.Build.0 = Release|Win32
		{3E0D1664-46B3-4C9F-A73F-E4488E4E87FC}.MinSizeRel|Win32.ActiveCfg = MinSizeRel|Win32
		{3E0D1664-46B3-4C9F-A73F-E4488E4E87FC}.MinSizeRel|Win32.Build.0 = MinSizeRel|Win32
		{3E0D1664-46B3-4C9F-A73F-E4488E4E87FC}.RelWithDebInfo|Win32.ActiveCfg = RelWithDebInfo|Win32
		{3E0D1664-46B3-4C9F-A73F-E4488E4E87FC}.RelWithDebInfo|Win32.Build.0 = RelWithDebInfo|Win32
		{967DC4B1-DF89-4B0A-B376-8CD41FB85B84}.Debug|Win32.ActiveCfg = Debug|Win32
		{967DC4B1-DF89-4B0A-B376-8CD41FB85B84}.Debug|Win32.Build.0 = Debug|Win32
		{967DC4B1-DF89-4B0A-B376-8CD41FB85B84}.Release|Win32.ActiveCfg = Release|Win32
		{967DC4B1-DF89-4B0A-B376-8CD41FB85B84}.Release|Win32.Build.0 = Release|Win32
		{967DC4B1-DF89-4B0A-B376-8CD41FB85B84}.MinSizeRel|Win32.ActiveCfg = MinSizeRel|Win32
		{967DC4B1-DF89-4B0A-B376-8CD41FB85B84}.MinSizeRel|Win32.Build.0 = MinSizeRel|Win32
		{967DC4B1-DF89-4B0A-B376-8CD41FB85B84}.RelWithDebInfo|Win32.ActiveCfg = RelWithDebInfo|Win32
		{967DC4B1-DF89-4B0A-B376-8CD41FB85B84}.RelWithDebInfo|Win32.Build.0 = RelWithDebInfo|Win32
	EndGlobalSection
	GlobalSection(ExtensibilityGlobals) = postSolution
	EndGlobalSection
	GlobalSection(ExtensibilityAddIns) = postSolution
	EndGlobalSection
EndGlobal
