<?xml version="1.0" encoding="utf-8"?>
<Project ToolsVersion="4.0" xmlns="http://schemas.microsoft.com/developer/msbuild/2003">
  <ItemGroup>
    <ClCompile Include="C:\Users\k\cs275\bullet\src\BulletMultiThreaded\SpuFakeDma.cpp">
      <Filter>Source Files</Filter>
    </ClCompile>
    <ClCompile Include="C:\Users\k\cs275\bullet\src\BulletMultiThreaded\SpuLibspe2Support.cpp">
      <Filter>Source Files</Filter>
    </ClCompile>
    <ClCompile Include="C:\Users\k\cs275\bullet\src\BulletMultiThreaded\btThreadSupportInterface.cpp">
      <Filter>Source Files</Filter>
    </ClCompile>
    <ClCompile Include="C:\Users\k\cs275\bullet\src\BulletMultiThreaded\Win32ThreadSupport.cpp">
      <Filter>Source Files</Filter>
    </ClCompile>
    <ClCompile Include="C:\Users\k\cs275\bullet\src\BulletMultiThreaded\PosixThreadSupport.cpp">
      <Filter>Source Files</Filter>
    </ClCompile>
    <ClCompile Include="C:\Users\k\cs275\bullet\src\BulletMultiThreaded\SequentialThreadSupport.cpp">
      <Filter>Source Files</Filter>
    </ClCompile>
    <ClCompile Include="C:\Users\k\cs275\bullet\src\BulletMultiThreaded\SpuSampleTaskProcess.cpp">
      <Filter>Source Files</Filter>
    </ClCompile>
    <ClCompile Include="C:\Users\k\cs275\bullet\src\BulletMultiThreaded\SpuCollisionObjectWrapper.cpp">
      <Filter>Source Files</Filter>
    </ClCompile>
    <ClCompile Include="C:\Users\k\cs275\bullet\src\BulletMultiThreaded\SpuCollisionTaskProcess.cpp">
      <Filter>Source Files</Filter>
    </ClCompile>
    <ClCompile Include="C:\Users\k\cs275\bullet\src\BulletMultiThreaded\SpuGatheringCollisionDispatcher.cpp">
      <Filter>Source Files</Filter>
    </ClCompile>
    <ClCompile Include="C:\Users\k\cs275\bullet\src\BulletMultiThreaded\SpuContactManifoldCollisionAlgorithm.cpp">
      <Filter>Source Files</Filter>
    </ClCompile>
    <ClCompile Include="C:\Users\k\cs275\bullet\src\BulletMultiThreaded\btParallelConstraintSolver.cpp">
      <Filter>Source Files</Filter>
    </ClCompile>
    <ClCompile Include="C:\Users\k\cs275\bullet\src\BulletMultiThreaded\SpuNarrowPhaseCollisionTask\boxBoxDistance.cpp">
      <Filter>Source Files</Filter>
    </ClCompile>
    <ClCompile Include="C:\Users\k\cs275\bullet\src\BulletMultiThreaded\SpuNarrowPhaseCollisionTask\SpuContactResult.cpp">
      <Filter>Source Files</Filter>
    </ClCompile>
    <ClCompile Include="C:\Users\k\cs275\bullet\src\BulletMultiThreaded\SpuNarrowPhaseCollisionTask\SpuMinkowskiPenetrationDepthSolver.cpp">
      <Filter>Source Files</Filter>
    </ClCompile>
    <ClCompile Include="C:\Users\k\cs275\bullet\src\BulletMultiThreaded\SpuNarrowPhaseCollisionTask\SpuGatheringCollisionTask.cpp">
      <Filter>Source Files</Filter>
    </ClCompile>
    <ClCompile Include="C:\Users\k\cs275\bullet\src\BulletMultiThreaded\SpuNarrowPhaseCollisionTask\SpuCollisionShapes.cpp">
      <Filter>Source Files</Filter>
    </ClCompile>
    <ClCompile Include="C:\Users\k\cs275\bullet\src\BulletMultiThreaded\btGpu3DGridBroadphase.cpp">
      <Filter>Source Files</Filter>
    </ClCompile>
  </ItemGroup>
  <ItemGroup>
    <ClInclude Include="C:\Users\k\cs275\bullet\src\BulletMultiThreaded\PlatformDefinitions.h">
      <Filter>Header Files</Filter>
    </ClInclude>
    <ClInclude Include="C:\Users\k\cs275\bullet\src\BulletMultiThreaded\PpuAddressSpace.h">
      <Filter>Header Files</Filter>
    </ClInclude>
    <ClInclude Include="C:\Users\k\cs275\bullet\src\BulletMultiThreaded\SpuFakeDma.h">
      <Filter>Header Files</Filter>
    </ClInclude>
    <ClInclude Include="C:\Users\k\cs275\bullet\src\BulletMultiThreaded\SpuDoubleBuffer.h">
      <Filter>Header Files</Filter>
    </ClInclude>
    <ClInclude Include="C:\Users\k\cs275\bullet\src\BulletMultiThreaded\SpuLibspe2Support.h">
      <Filter>Header Files</Filter>
    </ClInclude>
    <ClInclude Include="C:\Users\k\cs275\bullet\src\BulletMultiThreaded\btThreadSupportInterface.h">
      <Filter>Header Files</Filter>
    </ClInclude>
    <ClInclude Include="C:\Users\k\cs275\bullet\src\BulletMultiThreaded\Win32ThreadSupport.h">
      <Filter>Header Files</Filter>
    </ClInclude>
    <ClInclude Include="C:\Users\k\cs275\bullet\src\BulletMultiThreaded\PosixThreadSupport.h">
      <Filter>Header Files</Filter>
    </ClInclude>
    <ClInclude Include="C:\Users\k\cs275\bullet\src\BulletMultiThreaded\SequentialThreadSupport.h">
      <Filter>Header Files</Filter>
    </ClInclude>
    <ClInclude Include="C:\Users\k\cs275\bullet\src\BulletMultiThreaded\SpuSampleTaskProcess.h">
      <Filter>Header Files</Filter>
    </ClInclude>
    <ClInclude Include="C:\Users\k\cs275\bullet\src\BulletMultiThreaded\SpuCollisionObjectWrapper.h">
      <Filter>Header Files</Filter>
    </ClInclude>
    <ClInclude Include="C:\Users\k\cs275\bullet\src\BulletMultiThreaded\SpuCollisionTaskProcess.h">
      <Filter>Header Files</Filter>
    </ClInclude>
    <ClInclude Include="C:\Users\k\cs275\bullet\src\BulletMultiThreaded\SpuGatheringCollisionDispatcher.h">
      <Filter>Header Files</Filter>
    </ClInclude>
    <ClInclude Include="C:\Users\k\cs275\bullet\src\BulletMultiThreaded\SpuContactManifoldCollisionAlgorithm.h">
      <Filter>Header Files</Filter>
    </ClInclude>
    <ClInclude Include="C:\Users\k\cs275\bullet\src\BulletMultiThreaded\btParallelConstraintSolver.h">
      <Filter>Header Files</Filter>
    </ClInclude>
    <ClInclude Include="C:\Users\k\cs275\bullet\src\BulletMultiThreaded\btGpu3DGridBroadphase.h">
      <Filter>Header Files</Filter>
    </ClInclude>
    <ClInclude Include="C:\Users\k\cs275\bullet\src\BulletMultiThreaded\btGpu3DGridBroadphaseSharedCode.h">
      <Filter>Header Files</Filter>
    </ClInclude>
    <ClInclude Include="C:\Users\k\cs275\bullet\src\BulletMultiThreaded\btGpu3DGridBroadphaseSharedDefs.h">
      <Filter>Header Files</Filter>
    </ClInclude>
    <ClInclude Include="C:\Users\k\cs275\bullet\src\BulletMultiThreaded\btGpu3DGridBroadphaseSharedTypes.h">
      <Filter>Header Files</Filter>
    </ClInclude>
    <ClInclude Include="C:\Users\k\cs275\bullet\src\BulletMultiThreaded\btGpuDefines.h">
      <Filter>Header Files</Filter>
    </ClInclude>
    <ClInclude Include="C:\Users\k\cs275\bullet\src\BulletMultiThreaded\btGpuUtilsSharedCode.h">
      <Filter>Header Files</Filter>
    </ClInclude>
    <ClInclude Include="C:\Users\k\cs275\bullet\src\BulletMultiThreaded\btGpuUtilsSharedDefs.h">
      <Filter>Header Files</Filter>
    </ClInclude>
    <ClInclude Include="C:\Users\k\cs275\bullet\src\BulletMultiThreaded\SpuNarrowPhaseCollisionTask\Box.h">
      <Filter>Header Files</Filter>
    </ClInclude>
    <ClInclude Include="C:\Users\k\cs275\bullet\src\BulletMultiThreaded\SpuNarrowPhaseCollisionTask\boxBoxDistance.h">
      <Filter>Header Files</Filter>
    </ClInclude>
    <ClInclude Include="C:\Users\k\cs275\bullet\src\BulletMultiThreaded\SpuNarrowPhaseCollisionTask\SpuContactResult.h">
      <Filter>Header Files</Filter>
    </ClInclude>
    <ClInclude Include="C:\Users\k\cs275\bullet\src\BulletMultiThreaded\SpuNarrowPhaseCollisionTask\SpuMinkowskiPenetrationDepthSolver.h">
      <Filter>Header Files</Filter>
    </ClInclude>
    <ClInclude Include="C:\Users\k\cs275\bullet\src\BulletMultiThreaded\SpuNarrowPhaseCollisionTask\SpuConvexPenetrationDepthSolver.h">
      <Filter>Header Files</Filter>
    </ClInclude>
    <ClInclude Include="C:\Users\k\cs275\bullet\src\BulletMultiThreaded\SpuNarrowPhaseCollisionTask\SpuPreferredPenetrationDirections.h">
      <Filter>Header Files</Filter>
    </ClInclude>
    <ClInclude Include="C:\Users\k\cs275\bullet\src\BulletMultiThreaded\SpuNarrowPhaseCollisionTask\SpuGatheringCollisionTask.h">
      <Filter>Header Files</Filter>
    </ClInclude>
    <ClInclude Include="C:\Users\k\cs275\bullet\src\BulletMultiThreaded\SpuNarrowPhaseCollisionTask\SpuCollisionShapes.h">
      <Filter>Header Files</Filter>
    </ClInclude>
  </ItemGroup>
  <ItemGroup>
  </ItemGroup>
  <ItemGroup>
  </ItemGroup>
  <ItemGroup>
    <CustomBuild Include="..\..\..\bullet\src\BulletMultiThreaded\CMakeLists.txt" />
  </ItemGroup>
  <ItemGroup>
    <Filter Include="Source Files">
      <UniqueIdentifier>{D494F3B8-B26D-479B-8E48-0BE0A7F29BEB}</UniqueIdentifier>
    </Filter>
    <Filter Include="Header Files">
      <UniqueIdentifier>{4CFF9CB6-39C0-4B78-9CB7-DC76F89AB6D1}</UniqueIdentifier>
    </Filter>
  </ItemGroup>
  <ItemGroup>
  </ItemGroup>
</Project>
